Microsoft Visual Studio Solution File, Format Version 7.00
Project("{8BC9CEB8-8B4A-11D0-8D11-00A0C91BC942}") = "elasticPPc", "..\NewMaterial\c\ElasticPPc.vcproj", "{41D52F86-31CD-4DCF-8F58-BEC7C09D48E7}"
EndProject
Project("{8BC9CEB8-8B4A-11D0-8D11-00A0C91BC942}") = "minPackageC", "proj\minPackageC.vcproj", "{91B1E1A3-E5C0-4B1C-8BA6-50EA533AE079}"
EndProject
Project("{8BC9CEB8-8B4A-11D0-8D11-00A0C91BC942}") = "minPackageCPP", "proj\minPackageCPP.vcproj", "{91B1E1A3-E5C0-4B1C-8BA6-50EA533AE079}"
EndProject
Project("{8BC9CEB8-8B4A-11D0-8D11-00A0C91BC942}") = "ElasticPPcpp", "..\NewMaterial\cpp\ElasticPPcpp.vcproj", "{41D52F86-31CD-4DCF-8F58-BEC7C09D48E7}"
EndProject
Project("{8BC9CEB8-8B4A-11D0-8D11-00A0C91BC942}") = "TrussC", "..\NewElement\c\TrussC.vcproj", "{41D52F86-31CD-4DCF-8F58-BEC7C09D48E7}"
EndProject
Project("{8BC9CEB8-8B4A-11D0-8D11-00A0C91BC942}") = "TrussCPP", "..\NewElement\cpp\TrussCPP.vcproj", "{41D52F86-31CD-4DCF-8F58-BEC7C09D48E7}"
EndProject
Global
	GlobalSection(SolutionConfiguration) = preSolution
		ConfigName.0 = Debug
		ConfigName.1 = Release
	EndGlobalSection
	GlobalSection(ProjectDependencies) = postSolution
		{41D52F86-31CD-4DCF-8F58-BEC7C09D48E7}.0 = {91B1E1A3-E5C0-4B1C-8BA6-50EA533AE079}
		{41D52F86-31CD-4DCF-8F58-BEC7C09D48E7}.1 = {91B1E1A3-E5C0-4B1C-8BA6-50EA533AE079}
		{41D52F86-31CD-4DCF-8F58-BEC7C09D48E7}.2 = {91B1E1A3-E5C0-4B1C-8BA6-50EA533AE079}
		{41D52F86-31CD-4DCF-8F58-BEC7C09D48E7}.3 = {91B1E1A3-E5C0-4B1C-8BA6-50EA533AE079}
		{41D52F86-31CD-4DCF-8F58-BEC7C09D48E7}.0 = {91B1E1A3-E5C0-4B1C-8BA6-50EA533AE079}
		{41D52F86-31CD-4DCF-8F58-BEC7C09D48E7}.0 = {91B1E1A3-E5C0-4B1C-8BA6-50EA533AE079}
		{41D52F86-31CD-4DCF-8F58-BEC7C09D48E7}.0 = {91B1E1A3-E5C0-4B1C-8BA6-50EA533AE079}
	EndGlobalSection
	GlobalSection(ProjectConfiguration) = postSolution
		{41D52F86-31CD-4DCF-8F58-BEC7C09D48E7}.Debug.ActiveCfg = Debug|Win32
		{41D52F86-31CD-4DCF-8F58-BEC7C09D48E7}.Debug.Build.0 = Debug|Win32
		{41D52F86-31CD-4DCF-8F58-BEC7C09D48E7}.Release.ActiveCfg = Release|Win32
		{41D52F86-31CD-4DCF-8F58-BEC7C09D48E7}.Release.Build.0 = Release|Win32
		{91B1E1A3-E5C0-4B1C-8BA6-50EA533AE079}.Debug.ActiveCfg = Debug|Win32
		{91B1E1A3-E5C0-4B1C-8BA6-50EA533AE079}.Debug.Build.0 = Debug|Win32
		{91B1E1A3-E5C0-4B1C-8BA6-50EA533AE079}.Release.ActiveCfg = Release|Win32
		{91B1E1A3-E5C0-4B1C-8BA6-50EA533AE079}.Release.Build.0 = Release|Win32
		{91B1E1A3-E5C0-4B1C-8BA6-50EA533AE079}.Debug.ActiveCfg = Debug|Win32
		{91B1E1A3-E5C0-4B1C-8BA6-50EA533AE079}.Debug.Build.0 = Debug|Win32
		{91B1E1A3-E5C0-4B1C-8BA6-50EA533AE079}.Release.ActiveCfg = Release|Win32
		{91B1E1A3-E5C0-4B1C-8BA6-50EA533AE079}.Release.Build.0 = Release|Win32
		{41D52F86-31CD-4DCF-8F58-BEC7C09D48E7}.Debug.ActiveCfg = Debug|Win32
		{41D52F86-31CD-4DCF-8F58-BEC7C09D48E7}.Debug.Build.0 = Debug|Win32
		{41D52F86-31CD-4DCF-8F58-BEC7C09D48E7}.Release.ActiveCfg = Release|Win32
		{41D52F86-31CD-4DCF-8F58-BEC7C09D48E7}.Release.Build.0 = Release|Win32
		{41D52F86-31CD-4DCF-8F58-BEC7C09D48E7}.Debug.ActiveCfg = Debug|Win32
		{41D52F86-31CD-4DCF-8F58-BEC7C09D48E7}.Debug.Build.0 = Debug|Win32
		{41D52F86-31CD-4DCF-8F58-BEC7C09D48E7}.Release.ActiveCfg = Release|Win32
		{41D52F86-31CD-4DCF-8F58-BEC7C09D48E7}.Release.Build.0 = Release|Win32
		{41D52F86-31CD-4DCF-8F58-BEC7C09D48E7}.Debug.ActiveCfg = Debug|Win32
		{41D52F86-31CD-4DCF-8F58-BEC7C09D48E7}.Debug.Build.0 = Debug|Win32
		{41D52F86-31CD-4DCF-8F58-BEC7C09D48E7}.Release.ActiveCfg = Release|Win32
		{41D52F86-31CD-4DCF-8F58-BEC7C09D48E7}.Release.Build.0 = Release|Win32
	EndGlobalSection
	GlobalSection(ExtensibilityGlobals) = postSolution
	EndGlobalSection
	GlobalSection(ExtensibilityAddIns) = postSolution
	EndGlobalSection
EndGlobal
