<?xml version="1.0" encoding="utf-8"?>
<Project ToolsVersion="4.0" xmlns="http://schemas.microsoft.com/developer/msbuild/2003">
  <ItemGroup>
    <Filter Include="Source Files">
      <UniqueIdentifier>{f2c5f2a7-8e4d-4145-8d1e-724ff87abda1}</UniqueIdentifier>
      <Extensions>cpp;c;cxx;def;odl;idl;hpj;bat;asm</Extensions>
    </Filter>
    <Filter Include="Header Files">
      <UniqueIdentifier>{d83770c0-81ac-4cef-ab5d-43d997fca021}</UniqueIdentifier>
      <Extensions>h;hpp;hxx;hm;inl;inc</Extensions>
    </Filter>
    <Filter Include="Resource Files">
      <UniqueIdentifier>{551dbe77-e329-4734-b500-2244ab1c59c5}</UniqueIdentifier>
      <Extensions>rc;ico;cur;bmp;dlg;rc2;rct;bin;rgs;gif;jpg;jpeg;jpe</Extensions>
    </Filter>
    <Filter Include="tcl">
      <UniqueIdentifier>{11792ef6-e03e-475e-945f-1d9c4eeb88cd}</UniqueIdentifier>
    </Filter>
    <Filter Include="domain">
      <UniqueIdentifier>{94d020b3-ca6a-44c0-883a-fe7e16a95f09}</UniqueIdentifier>
    </Filter>
    <Filter Include="domain\component">
      <UniqueIdentifier>{40b96319-efb2-43ea-a653-4e88ce706756}</UniqueIdentifier>
    </Filter>
  </ItemGroup>
  <ItemGroup>
    <ClCompile Include="..\..\..\SRC\optimization\tcl\TclOptimizationBuilder.cpp">
      <Filter>tcl</Filter>
    </ClCompile>
    <ClCompile Include="..\..\..\SRC\optimization\domain\Optimization.cpp">
      <Filter>domain</Filter>
    </ClCompile>
    <ClCompile Include="..\..\..\SRC\optimization\domain\OptimizationDomain.cpp">
      <Filter>domain</Filter>
    </ClCompile>
    <ClCompile Include="..\..\..\SRC\optimization\domain\OptimizationDomainComponent.cpp">
      <Filter>domain</Filter>
    </ClCompile>
    <ClCompile Include="..\..\..\SRC\optimization\domain\component\ConstraintFunction.cpp">
      <Filter>domain\component</Filter>
    </ClCompile>
    <ClCompile Include="..\..\..\SRC\optimization\domain\component\DesignVariable.cpp">
      <Filter>domain\component</Filter>
    </ClCompile>
    <ClCompile Include="..\..\..\SRC\optimization\domain\component\DesignVariableIter.cpp">
      <Filter>domain\component</Filter>
    </ClCompile>
    <ClCompile Include="..\..\..\SRC\optimization\domain\component\DesignVariablePositioner.cpp">
      <Filter>domain\component</Filter>
    </ClCompile>
    <ClCompile Include="..\..\..\SRC\optimization\domain\component\DesignVariablePositionerIter.cpp">
      <Filter>domain\component</Filter>
    </ClCompile>
    <ClCompile Include="..\..\..\SRC\optimization\domain\component\ObjectiveFunction.cpp">
      <Filter>domain\component</Filter>
    </ClCompile>
  </ItemGroup>
  <ItemGroup>
    <ClInclude Include="..\..\..\SRC\optimization\tcl\TclOptimizationBuilder.h">
      <Filter>tcl</Filter>
    </ClInclude>
    <ClInclude Include="..\..\..\SRC\optimization\domain\Optimization.h">
      <Filter>domain</Filter>
    </ClInclude>
    <ClInclude Include="..\..\..\SRC\optimization\domain\OptimizationDomain.h">
      <Filter>domain</Filter>
    </ClInclude>
    <ClInclude Include="..\..\..\SRC\optimization\domain\OptimizationDomainComponent.h">
      <Filter>domain</Filter>
    </ClInclude>
    <ClInclude Include="..\..\..\SRC\optimization\domain\component\ConstraintFunction.h">
      <Filter>domain\component</Filter>
    </ClInclude>
    <ClInclude Include="..\..\..\SRC\optimization\domain\component\DesignVariable.h">
      <Filter>domain\component</Filter>
    </ClInclude>
    <ClInclude Include="..\..\..\SRC\optimization\domain\component\DesignVariableIter.h">
      <Filter>domain\component</Filter>
    </ClInclude>
    <ClInclude Include="..\..\..\SRC\optimization\domain\component\DesignVariablePositioner.h">
      <Filter>domain\component</Filter>
    </ClInclude>
    <ClInclude Include="..\..\..\SRC\optimization\domain\component\DesignVariablePositionerIter.h">
      <Filter>domain\component</Filter>
    </ClInclude>
    <ClInclude Include="..\..\..\SRC\optimization\domain\component\ObjectiveFunction.h">
      <Filter>domain\component</Filter>
    </ClInclude>
  </ItemGroup>
  <ItemGroup>
    <None Include="ReadMe.txt" />
  </ItemGroup>
</Project>