<?xml version="1.0" encoding="utf-8"?>
<Project ToolsVersion="4.0" xmlns="http://schemas.microsoft.com/developer/msbuild/2003">
  <ItemGroup>
    <Filter Include="Source Files">
      <UniqueIdentifier>{01b6eae7-671a-4093-bcb2-3b871b39a2ef}</UniqueIdentifier>
      <Extensions>cpp;c;cxx;rc;def;r;odl;idl;hpj;bat</Extensions>
    </Filter>
  </ItemGroup>
  <ItemGroup>
    <ClCompile Include="..\..\..\OTHER\SuperLU_5.1.1\SRC\colamd.c">
      <Filter>Source Files</Filter>
    </ClCompile>
    <ClCompile Include="..\..\..\OTHER\SuperLU_5.1.1\SRC\dcolumn_bmod.c">
      <Filter>Source Files</Filter>
    </ClCompile>
    <ClCompile Include="..\..\..\OTHER\SuperLU_5.1.1\SRC\dcolumn_dfs.c">
      <Filter>Source Files</Filter>
    </ClCompile>
    <ClCompile Include="..\..\..\OTHER\SuperLU_5.1.1\SRC\dcopy_to_ucol.c">
      <Filter>Source Files</Filter>
    </ClCompile>
    <ClCompile Include="..\..\..\OTHER\SuperLU_5.1.1\SRC\ddiagonal.c">
      <Filter>Source Files</Filter>
    </ClCompile>
    <ClCompile Include="..\..\..\OTHER\SuperLU_5.1.1\SRC\dgscon.c">
      <Filter>Source Files</Filter>
    </ClCompile>
    <ClCompile Include="..\..\..\OTHER\SuperLU_5.1.1\SRC\dgsequ.c">
      <Filter>Source Files</Filter>
    </ClCompile>
    <ClCompile Include="..\..\..\OTHER\SuperLU_5.1.1\SRC\dgsisx.c">
      <Filter>Source Files</Filter>
    </ClCompile>
    <ClCompile Include="..\..\..\OTHER\SuperLU_5.1.1\SRC\dgsitrf.c">
      <Filter>Source Files</Filter>
    </ClCompile>
    <ClCompile Include="..\..\..\OTHER\SuperLU_5.1.1\SRC\dgsrfs.c">
      <Filter>Source Files</Filter>
    </ClCompile>
    <ClCompile Include="..\..\..\OTHER\SuperLU_5.1.1\SRC\dgssv.c">
      <Filter>Source Files</Filter>
    </ClCompile>
    <ClCompile Include="..\..\..\OTHER\SuperLU_5.1.1\SRC\dgssvx.c">
      <Filter>Source Files</Filter>
    </ClCompile>
    <ClCompile Include="..\..\..\OTHER\SuperLU_5.1.1\SRC\dgstrf.c">
      <Filter>Source Files</Filter>
    </ClCompile>
    <ClCompile Include="..\..\..\OTHER\SuperLU_5.1.1\SRC\dgstrs.c">
      <Filter>Source Files</Filter>
    </ClCompile>
    <ClCompile Include="..\..\..\OTHER\SuperLU_5.1.1\SRC\dlacon2.c">
      <Filter>Source Files</Filter>
    </ClCompile>
    <ClCompile Include="..\..\..\OTHER\SuperLU_5.1.1\SRC\dlangs.c">
      <Filter>Source Files</Filter>
    </ClCompile>
    <ClCompile Include="..\..\..\OTHER\SuperLU_5.1.1\SRC\dlaqgs.c">
      <Filter>Source Files</Filter>
    </ClCompile>
    <ClCompile Include="..\..\..\OTHER\SuperLU_5.1.1\SRC\dldperm.c">
      <Filter>Source Files</Filter>
    </ClCompile>
    <ClCompile Include="..\..\..\OTHER\SuperLU_5.1.1\SRC\dmach.c">
      <Filter>Source Files</Filter>
    </ClCompile>
    <ClCompile Include="..\..\..\OTHER\SuperLU_5.1.1\SRC\dmemory.c">
      <Filter>Source Files</Filter>
    </ClCompile>
    <ClCompile Include="..\..\..\OTHER\SuperLU_5.1.1\SRC\dmyblas2.c">
      <Filter>Source Files</Filter>
    </ClCompile>
    <ClCompile Include="..\..\..\OTHER\SuperLU_5.1.1\SRC\dpanel_bmod.c">
      <Filter>Source Files</Filter>
    </ClCompile>
    <ClCompile Include="..\..\..\OTHER\SuperLU_5.1.1\SRC\dpanel_dfs.c">
      <Filter>Source Files</Filter>
    </ClCompile>
    <ClCompile Include="..\..\..\OTHER\SuperLU_5.1.1\SRC\dpivotgrowth.c">
      <Filter>Source Files</Filter>
    </ClCompile>
    <ClCompile Include="..\..\..\OTHER\SuperLU_5.1.1\SRC\dpivotL.c">
      <Filter>Source Files</Filter>
    </ClCompile>
    <ClCompile Include="..\..\..\OTHER\SuperLU_5.1.1\SRC\dpruneL.c">
      <Filter>Source Files</Filter>
    </ClCompile>
    <ClCompile Include="..\..\..\OTHER\SuperLU_5.1.1\SRC\dreadhb.c">
      <Filter>Source Files</Filter>
    </ClCompile>
    <ClCompile Include="..\..\..\OTHER\SuperLU_5.1.1\SRC\dreadrb.c">
      <Filter>Source Files</Filter>
    </ClCompile>
    <ClCompile Include="..\..\..\OTHER\SuperLU_5.1.1\SRC\dreadtriple.c">
      <Filter>Source Files</Filter>
    </ClCompile>
    <ClCompile Include="..\..\..\OTHER\SuperLU_5.1.1\SRC\dsnode_bmod.c">
      <Filter>Source Files</Filter>
    </ClCompile>
    <ClCompile Include="..\..\..\OTHER\SuperLU_5.1.1\SRC\dsnode_dfs.c">
      <Filter>Source Files</Filter>
    </ClCompile>
    <ClCompile Include="..\..\..\OTHER\SuperLU_5.1.1\SRC\dsp_blas2.c">
      <Filter>Source Files</Filter>
    </ClCompile>
    <ClCompile Include="..\..\..\OTHER\SuperLU_5.1.1\SRC\dsp_blas3.c">
      <Filter>Source Files</Filter>
    </ClCompile>
    <ClCompile Include="..\..\..\OTHER\SuperLU_5.1.1\SRC\dutil.c">
      <Filter>Source Files</Filter>
    </ClCompile>
    <ClCompile Include="..\..\..\OTHER\SuperLU_5.1.1\SRC\get_perm_c.c">
      <Filter>Source Files</Filter>
    </ClCompile>
    <ClCompile Include="..\..\..\OTHER\SuperLU_5.1.1\SRC\heap_relax_snode.c">
      <Filter>Source Files</Filter>
    </ClCompile>
    <ClCompile Include="..\..\..\OTHER\SuperLU_5.1.1\SRC\ilu_dcolumn_dfs.c">
      <Filter>Source Files</Filter>
    </ClCompile>
    <ClCompile Include="..\..\..\OTHER\SuperLU_5.1.1\SRC\ilu_dcopy_to_ucol.c">
      <Filter>Source Files</Filter>
    </ClCompile>
    <ClCompile Include="..\..\..\OTHER\SuperLU_5.1.1\SRC\ilu_ddrop_row.c">
      <Filter>Source Files</Filter>
    </ClCompile>
    <ClCompile Include="..\..\..\OTHER\SuperLU_5.1.1\SRC\ilu_dpanel_dfs.c">
      <Filter>Source Files</Filter>
    </ClCompile>
    <ClCompile Include="..\..\..\OTHER\SuperLU_5.1.1\SRC\ilu_dpivotL.c">
      <Filter>Source Files</Filter>
    </ClCompile>
    <ClCompile Include="..\..\..\OTHER\SuperLU_5.1.1\SRC\ilu_dsnode_dfs.c">
      <Filter>Source Files</Filter>
    </ClCompile>
    <ClCompile Include="..\..\..\OTHER\SuperLU_5.1.1\SRC\ilu_heap_relax_snode.c">
      <Filter>Source Files</Filter>
    </ClCompile>
    <ClCompile Include="..\..\..\OTHER\SuperLU_5.1.1\SRC\ilu_relax_snode.c">
      <Filter>Source Files</Filter>
    </ClCompile>
    <ClCompile Include="..\..\..\OTHER\SuperLU_5.1.1\SRC\input_error.c">
      <Filter>Source Files</Filter>
    </ClCompile>
    <ClCompile Include="..\..\..\OTHER\SuperLU_5.1.1\SRC\lsame.c">
      <Filter>Source Files</Filter>
    </ClCompile>
    <ClCompile Include="..\..\..\OTHER\SuperLU_5.1.1\SRC\mark_relax.c">
      <Filter>Source Files</Filter>
    </ClCompile>
    <ClCompile Include="..\..\..\OTHER\SuperLU_5.1.1\SRC\mc64ad.c">
      <Filter>Source Files</Filter>
    </ClCompile>
    <ClCompile Include="..\..\..\OTHER\SuperLU_5.1.1\SRC\memory.c">
      <Filter>Source Files</Filter>
    </ClCompile>
    <ClCompile Include="..\..\..\OTHER\SuperLU_5.1.1\SRC\mmd.c">
      <Filter>Source Files</Filter>
    </ClCompile>
    <ClCompile Include="..\..\..\OTHER\SuperLU_5.1.1\SRC\qselect.c">
      <Filter>Source Files</Filter>
    </ClCompile>
    <ClCompile Include="..\..\..\OTHER\SuperLU_5.1.1\SRC\relax_snode.c">
      <Filter>Source Files</Filter>
    </ClCompile>
    <ClCompile Include="..\..\..\OTHER\SuperLU_5.1.1\SRC\smach.c">
      <Filter>Source Files</Filter>
    </ClCompile>
    <ClCompile Include="..\..\..\OTHER\SuperLU_5.1.1\SRC\sp_coletree.c">
      <Filter>Source Files</Filter>
    </ClCompile>
    <ClCompile Include="..\..\..\OTHER\SuperLU_5.1.1\SRC\sp_ienv.c">
      <Filter>Source Files</Filter>
    </ClCompile>
    <ClCompile Include="..\..\..\OTHER\SuperLU_5.1.1\SRC\sp_preorder.c">
      <Filter>Source Files</Filter>
    </ClCompile>
    <ClCompile Include="..\..\..\OTHER\SuperLU_5.1.1\SRC\superlu_timer.c">
      <Filter>Source Files</Filter>
    </ClCompile>
    <ClCompile Include="..\..\..\OTHER\SuperLU_5.1.1\SRC\util.c">
      <Filter>Source Files</Filter>
    </ClCompile>
    <ClCompile Include="..\..\..\OTHER\SuperLU_5.1.1\SRC\xerbla.c">
      <Filter>Source Files</Filter>
    </ClCompile>
  </ItemGroup>
  <ItemGroup>
    <ClInclude Include="..\..\..\OTHER\SuperLU_5.1.1\SRC\colamd.h">
      <Filter>Source Files</Filter>
    </ClInclude>
    <ClInclude Include="..\..\..\OTHER\SuperLU_5.1.1\SRC\slu_Cnames.h">
      <Filter>Source Files</Filter>
    </ClInclude>
    <ClInclude Include="..\..\..\OTHER\SuperLU_5.1.1\SRC\slu_ddefs.h">
      <Filter>Source Files</Filter>
    </ClInclude>
    <ClInclude Include="..\..\..\OTHER\SuperLU_5.1.1\SRC\slu_util.h">
      <Filter>Source Files</Filter>
    </ClInclude>
    <ClInclude Include="..\..\..\OTHER\SuperLU_5.1.1\SRC\superlu_enum_consts.h">
      <Filter>Source Files</Filter>
    </ClInclude>
    <ClInclude Include="..\..\..\OTHER\SuperLU_5.1.1\SRC\supermatrix.h">
      <Filter>Source Files</Filter>
    </ClInclude>
  </ItemGroup>
</Project>