<?xml version="1.0" encoding="utf-8"?>
<Project ToolsVersion="4.0" xmlns="http://schemas.microsoft.com/developer/msbuild/2003">
  <ItemGroup>
    <Filter Include="Source Files">
      <UniqueIdentifier>{ca1fa4fa-ad6e-4f03-b292-f6ae380877c7}</UniqueIdentifier>
      <Extensions>cpp;c;cxx;rc;def;r;odl;idl;hpj;bat</Extensions>
    </Filter>
    <Filter Include="Header Files">
      <UniqueIdentifier>{6a72dac2-fdac-4fba-b836-ff2bc8104b5e}</UniqueIdentifier>
      <Extensions>h;hpp;hxx;hm;inl</Extensions>
    </Filter>
    <Filter Include="profileSPD">
      <UniqueIdentifier>{d7e93ce4-3ec3-4062-9450-14891ca02687}</UniqueIdentifier>
    </Filter>
    <Filter Include="bandGEN">
      <UniqueIdentifier>{b5c5ec9a-d499-4ae6-895c-a8e2ef52b326}</UniqueIdentifier>
    </Filter>
    <Filter Include="bandSPD">
      <UniqueIdentifier>{cdcc62f8-08d5-4a5d-a0a7-02b3a10587d5}</UniqueIdentifier>
    </Filter>
    <Filter Include="fullGEN">
      <UniqueIdentifier>{e7a4f151-14d7-478c-8e66-b9202639f199}</UniqueIdentifier>
    </Filter>
    <Filter Include="arpack">
      <UniqueIdentifier>{5471ca80-02b9-4dc0-b92a-4229a0dfdb77}</UniqueIdentifier>
    </Filter>
    <Filter Include="symBandEigen">
      <UniqueIdentifier>{0fa56c1c-baa0-465e-997e-10e437be0dd0}</UniqueIdentifier>
    </Filter>
    <Filter Include="diagonal">
      <UniqueIdentifier>{0b205a4c-4de7-431c-9992-89fb02330781}</UniqueIdentifier>
    </Filter>
    <Filter Include="itpack">
      <UniqueIdentifier>{c2796a49-0593-42b3-84db-a580ab4a0ced}</UniqueIdentifier>
    </Filter>
    <Filter Include="sparseGEN">
      <UniqueIdentifier>{fc90d37e-1677-41cc-a804-66b36983fd61}</UniqueIdentifier>
      <Extensions>.cpp; .h</Extensions>
    </Filter>
    <Filter Include="sparseSYM">
      <UniqueIdentifier>{772c73bf-21d0-4bb2-b06b-f2d93971a61d}</UniqueIdentifier>
    </Filter>
    <Filter Include="umfGEN">
      <UniqueIdentifier>{e9c5a06b-73bb-47fc-b259-a5e177fc20fe}</UniqueIdentifier>
      <Extensions>.cpp; .h</Extensions>
    </Filter>
    <Filter Include="pardiso">
      <UniqueIdentifier>{723fd79e-0d4a-4e38-8be8-aebeea3e8a24}</UniqueIdentifier>
    </Filter>
  </ItemGroup>
  <ItemGroup>
    <ClCompile Include="..\..\..\SRC\system_of_eqn\linearSOE\DomainSolver.cpp">
      <Filter>Source Files</Filter>
    </ClCompile>
    <ClCompile Include="..\..\..\SRC\system_of_eqn\eigenSOE\EigenSOE.cpp">
      <Filter>Source Files</Filter>
    </ClCompile>
    <ClCompile Include="..\..\..\SRC\system_of_eqn\eigenSOE\EigenSolver.cpp">
      <Filter>Source Files</Filter>
    </ClCompile>
    <ClCompile Include="..\..\..\SRC\system_of_eqn\linearSOE\LinearSOE.cpp">
      <Filter>Source Files</Filter>
    </ClCompile>
    <ClCompile Include="..\..\..\SRC\system_of_eqn\linearSOE\LinearSOESolver.cpp">
      <Filter>Source Files</Filter>
    </ClCompile>
    <ClCompile Include="..\..\..\SRC\system_of_eqn\Solver.cpp">
      <Filter>Source Files</Filter>
    </ClCompile>
    <ClCompile Include="..\..\..\SRC\system_of_eqn\SystemOfEqn.cpp">
      <Filter>Source Files</Filter>
    </ClCompile>
    <ClCompile Include="..\..\..\SRC\system_of_eqn\linearSOE\profileSPD\DistributedProfileSPDLinSOE.cpp">
      <Filter>profileSPD</Filter>
    </ClCompile>
    <ClCompile Include="..\..\..\SRC\system_of_eqn\linearSOE\profileSPD\ProfileSPDLinDirectSolver.cpp">
      <Filter>profileSPD</Filter>
    </ClCompile>
    <ClCompile Include="..\..\..\SRC\system_of_eqn\linearSOE\profileSPD\ProfileSPDLinSOE.cpp">
      <Filter>profileSPD</Filter>
    </ClCompile>
    <ClCompile Include="..\..\..\SRC\system_of_eqn\linearSOE\profileSPD\ProfileSPDLinSolver.cpp">
      <Filter>profileSPD</Filter>
    </ClCompile>
    <ClCompile Include="..\..\..\SRC\system_of_eqn\linearSOE\profileSPD\ProfileSPDLinSubstrSolver.cpp">
      <Filter>profileSPD</Filter>
    </ClCompile>
    <ClCompile Include="..\..\..\SRC\system_of_eqn\linearSOE\profileSPD\SProfileSPDLinSOE.cpp">
      <Filter>profileSPD</Filter>
    </ClCompile>
    <ClCompile Include="..\..\..\SRC\system_of_eqn\linearSOE\profileSPD\SProfileSPDLinSolver.cpp">
      <Filter>profileSPD</Filter>
    </ClCompile>
    <ClCompile Include="..\..\..\SRC\system_of_eqn\linearSOE\sparseSYM\SymSparseLinSOE.cpp">
      <Filter>sparseSYM</Filter>
    </ClCompile>
    <ClCompile Include="..\..\..\SRC\system_of_eqn\linearSOE\sparseSYM\SymSparseLinSolver.cpp">
      <Filter>sparseSYM</Filter>
    </ClCompile>
    <ClCompile Include="..\..\..\SRC\system_of_eqn\linearSOE\sparseSYM\grcm.c">
      <Filter>sparseSYM</Filter>
    </ClCompile>
    <ClCompile Include="..\..\..\SRC\system_of_eqn\linearSOE\sparseSYM\nest.c">
      <Filter>sparseSYM</Filter>
    </ClCompile>
    <ClCompile Include="..\..\..\SRC\system_of_eqn\linearSOE\sparseSYM\newordr.c">
      <Filter>sparseSYM</Filter>
    </ClCompile>
    <ClCompile Include="..\..\..\SRC\system_of_eqn\linearSOE\sparseSYM\nmat.c">
      <Filter>sparseSYM</Filter>
    </ClCompile>
    <ClCompile Include="..\..\..\SRC\system_of_eqn\linearSOE\sparseSYM\nnsim.c">
      <Filter>sparseSYM</Filter>
    </ClCompile>
    <ClCompile Include="..\..\..\SRC\system_of_eqn\linearSOE\sparseSYM\symbolic.c">
      <Filter>sparseSYM</Filter>
    </ClCompile>
    <ClCompile Include="..\..\..\SRC\system_of_eqn\linearSOE\sparseSYM\tim.c">
      <Filter>sparseSYM</Filter>
    </ClCompile>
    <ClCompile Include="..\..\..\SRC\system_of_eqn\linearSOE\sparseSYM\utility.c">
      <Filter>sparseSYM</Filter>
    </ClCompile>
    <ClCompile Include="..\..\..\SRC\system_of_eqn\linearSOE\bandGEN\BandGenLinLapackSolver.cpp">
      <Filter>bandGEN</Filter>
    </ClCompile>
    <ClCompile Include="..\..\..\SRC\system_of_eqn\linearSOE\bandGEN\BandGenLinSOE.cpp">
      <Filter>bandGEN</Filter>
    </ClCompile>
    <ClCompile Include="..\..\..\SRC\system_of_eqn\linearSOE\bandGEN\BandGenLinSolver.cpp">
      <Filter>bandGEN</Filter>
    </ClCompile>
    <ClCompile Include="..\..\..\SRC\system_of_eqn\linearSOE\bandGEN\DistributedBandGenLinSOE.cpp">
      <Filter>bandGEN</Filter>
    </ClCompile>
    <ClCompile Include="..\..\..\SRC\system_of_eqn\linearSOE\bandSPD\BandSPDLinLapackSolver.cpp">
      <Filter>bandSPD</Filter>
    </ClCompile>
    <ClCompile Include="..\..\..\SRC\system_of_eqn\linearSOE\bandSPD\BandSPDLinSOE.cpp">
      <Filter>bandSPD</Filter>
    </ClCompile>
    <ClCompile Include="..\..\..\SRC\system_of_eqn\linearSOE\bandSPD\BandSPDLinSolver.cpp">
      <Filter>bandSPD</Filter>
    </ClCompile>
    <ClCompile Include="..\..\..\SRC\system_of_eqn\linearSOE\bandSPD\DistributedBandSPDLinSOE.cpp">
      <Filter>bandSPD</Filter>
    </ClCompile>
    <ClCompile Include="..\..\..\SRC\system_of_eqn\eigenSOE\FullGenEigenSOE.cpp">
      <Filter>fullGEN</Filter>
    </ClCompile>
    <ClCompile Include="..\..\..\SRC\system_of_eqn\eigenSOE\FullGenEigenSolver.cpp">
      <Filter>fullGEN</Filter>
    </ClCompile>
    <ClCompile Include="..\..\..\SRC\system_of_eqn\linearSOE\fullGEN\FullGenLinLapackSolver.cpp">
      <Filter>fullGEN</Filter>
    </ClCompile>
    <ClCompile Include="..\..\..\SRC\system_of_eqn\linearSOE\fullGEN\FullGenLinSOE.cpp">
      <Filter>fullGEN</Filter>
    </ClCompile>
    <ClCompile Include="..\..\..\SRC\system_of_eqn\linearSOE\fullGEN\FullGenLinSolver.cpp">
      <Filter>fullGEN</Filter>
    </ClCompile>
    <ClCompile Include="..\..\..\SRC\system_of_eqn\linearSOE\umfGEN\UmfpackGenLinSOE.cpp">
      <Filter>umfGEN</Filter>
    </ClCompile>
    <ClCompile Include="..\..\..\SRC\system_of_eqn\linearSOE\umfGEN\UmfpackGenLinSolver.cpp">
      <Filter>umfGEN</Filter>
    </ClCompile>
    <ClCompile Include="..\..\..\SRC\system_of_eqn\linearSOE\sparseGEN\PFEMCompressibleLinSOE.cpp">
      <Filter>sparseGEN</Filter>
    </ClCompile>
    <ClCompile Include="..\..\..\SRC\system_of_eqn\linearSOE\sparseGEN\PFEMCompressibleSolver.cpp">
      <Filter>sparseGEN</Filter>
    </ClCompile>
    <ClCompile Include="..\..\..\SRC\system_of_eqn\linearSOE\sparseGEN\PFEMLinSOE.cpp">
      <Filter>sparseGEN</Filter>
    </ClCompile>
    <ClCompile Include="..\..\..\SRC\system_of_eqn\linearSOE\sparseGEN\PFEMSolver.cpp">
      <Filter>sparseGEN</Filter>
    </ClCompile>
    <ClCompile Include="..\..\..\SRC\system_of_eqn\linearSOE\sparseGEN\SparseGenColLinSOE.cpp">
      <Filter>sparseGEN</Filter>
    </ClCompile>
    <ClCompile Include="..\..\..\SRC\system_of_eqn\linearSOE\sparseGEN\SparseGenColLinSolver.cpp">
      <Filter>sparseGEN</Filter>
    </ClCompile>
    <ClCompile Include="..\..\..\SRC\system_of_eqn\linearSOE\sparseGEN\SparseGenRowLinSOE.cpp">
      <Filter>sparseGEN</Filter>
    </ClCompile>
    <ClCompile Include="..\..\..\SRC\system_of_eqn\linearSOE\sparseGEN\SparseGenRowLinSolver.cpp">
      <Filter>sparseGEN</Filter>
    </ClCompile>
    <ClCompile Include="..\..\..\SRC\system_of_eqn\linearSOE\sparseGEN\SuperLU.cpp">
      <Filter>sparseGEN</Filter>
    </ClCompile>
    <ClCompile Include="..\..\..\SRC\system_of_eqn\eigenSOE\ArpackSOE.cpp">
      <Filter>arpack</Filter>
    </ClCompile>
    <ClCompile Include="..\..\..\SRC\system_of_eqn\eigenSOE\ArpackSolver.cpp">
      <Filter>arpack</Filter>
    </ClCompile>
    <ClCompile Include="..\..\..\SRC\system_of_eqn\eigenSOE\SymBandEigenSOE.cpp">
      <Filter>symBandEigen</Filter>
    </ClCompile>
    <ClCompile Include="..\..\..\SRC\system_of_eqn\eigenSOE\SymBandEigenSolver.cpp">
      <Filter>symBandEigen</Filter>
    </ClCompile>
    <ClCompile Include="..\..\..\SRC\system_of_eqn\linearSOE\diagonal\DiagonalDirectSolver.cpp">
      <Filter>diagonal</Filter>
    </ClCompile>
    <ClCompile Include="..\..\..\SRC\system_of_eqn\linearSOE\diagonal\DiagonalSOE.cpp">
      <Filter>diagonal</Filter>
    </ClCompile>
    <ClCompile Include="..\..\..\SRC\system_of_eqn\linearSOE\diagonal\DiagonalSolver.cpp">
      <Filter>diagonal</Filter>
    </ClCompile>
    <ClCompile Include="..\..\..\SRC\system_of_eqn\linearSOE\diagonal\DistributedDiagonalSOE.cpp">
      <Filter>diagonal</Filter>
    </ClCompile>
    <ClCompile Include="..\..\..\SRC\system_of_eqn\linearSOE\diagonal\DistributedDiagonalSolver.cpp">
      <Filter>diagonal</Filter>
    </ClCompile>
    <ClCompile Include="..\..\..\SRC\system_of_eqn\linearSOE\sparseGEN\PFEMSolver_Umfpack.cpp">
      <Filter>sparseGEN</Filter>
    </ClCompile>
    <ClCompile Include="..\..\..\SRC\system_of_eqn\linearSOE\sparseGEN\PFEMSolver_Laplace.cpp">
      <Filter>sparseGEN</Filter>
    </ClCompile>
    <ClCompile Include="..\..\..\SRC\system_of_eqn\linearSOE\sparseGEN\PFEMSolver_LumpM.cpp">
      <Filter>sparseGEN</Filter>
    </ClCompile>
    <ClCompile Include="..\..\..\SRC\system_of_eqn\linearSOE\sparseGEN\PFEMSolver_Mumps.cpp">
      <Filter>sparseGEN</Filter>
    </ClCompile>
  </ItemGroup>
  <ItemGroup>
    <ClInclude Include="..\..\..\SRC\system_of_eqn\linearSOE\DomainSolver.h">
      <Filter>Header Files</Filter>
    </ClInclude>
    <ClInclude Include="..\..\..\SRC\system_of_eqn\eigenSOE\EigenSOE.h">
      <Filter>Header Files</Filter>
    </ClInclude>
    <ClInclude Include="..\..\..\SRC\system_of_eqn\eigenSOE\EigenSolver.h">
      <Filter>Header Files</Filter>
    </ClInclude>
    <ClInclude Include="..\..\..\SRC\system_of_eqn\linearSOE\LinearSOE.h">
      <Filter>Header Files</Filter>
    </ClInclude>
    <ClInclude Include="..\..\..\SRC\system_of_eqn\linearSOE\LinearSOESolver.h">
      <Filter>Header Files</Filter>
    </ClInclude>
    <ClInclude Include="..\..\..\SRC\system_of_eqn\Solver.h">
      <Filter>Header Files</Filter>
    </ClInclude>
    <ClInclude Include="..\..\..\SRC\system_of_eqn\SystemOfEqn.h">
      <Filter>Header Files</Filter>
    </ClInclude>
    <ClInclude Include="..\..\..\SRC\system_of_eqn\linearSOE\profileSPD\DistributedProfileSPDLinSOE.h">
      <Filter>profileSPD</Filter>
    </ClInclude>
    <ClInclude Include="..\..\..\SRC\system_of_eqn\linearSOE\profileSPD\ProfileSPDLinDirectSolver.h">
      <Filter>profileSPD</Filter>
    </ClInclude>
    <ClInclude Include="..\..\..\SRC\system_of_eqn\linearSOE\profileSPD\ProfileSPDLinSOE.h">
      <Filter>profileSPD</Filter>
    </ClInclude>
    <ClInclude Include="..\..\..\SRC\system_of_eqn\linearSOE\profileSPD\ProfileSPDLinSolver.h">
      <Filter>profileSPD</Filter>
    </ClInclude>
    <ClInclude Include="..\..\..\SRC\system_of_eqn\linearSOE\profileSPD\ProfileSPDLinSubstrSolver.h">
      <Filter>profileSPD</Filter>
    </ClInclude>
    <ClInclude Include="..\..\..\SRC\system_of_eqn\linearSOE\profileSPD\SProfileSPDLinSOE.h">
      <Filter>profileSPD</Filter>
    </ClInclude>
    <ClInclude Include="..\..\..\SRC\system_of_eqn\linearSOE\profileSPD\SProfileSPDLinSolver.h">
      <Filter>profileSPD</Filter>
    </ClInclude>
    <ClInclude Include="..\..\..\SRC\system_of_eqn\linearSOE\sparseSYM\FeStructs.h">
      <Filter>sparseSYM</Filter>
    </ClInclude>
    <ClInclude Include="..\..\..\SRC\system_of_eqn\linearSOE\sparseSYM\SymSparseLinSOE.h">
      <Filter>sparseSYM</Filter>
    </ClInclude>
    <ClInclude Include="..\..\..\SRC\system_of_eqn\linearSOE\sparseSYM\SymSparseLinSolver.h">
      <Filter>sparseSYM</Filter>
    </ClInclude>
    <ClInclude Include="..\..\..\SRC\system_of_eqn\linearSOE\sparseSYM\globalVars.h">
      <Filter>sparseSYM</Filter>
    </ClInclude>
    <ClInclude Include="..\..\..\SRC\system_of_eqn\linearSOE\sparseSYM\tim.h">
      <Filter>sparseSYM</Filter>
    </ClInclude>
    <ClInclude Include="..\..\..\SRC\system_of_eqn\linearSOE\sparseSYM\utility.h">
      <Filter>sparseSYM</Filter>
    </ClInclude>
    <ClInclude Include="..\..\..\SRC\system_of_eqn\linearSOE\bandGEN\BandGenLinLapackSolver.h">
      <Filter>bandGEN</Filter>
    </ClInclude>
    <ClInclude Include="..\..\..\SRC\system_of_eqn\linearSOE\bandGEN\BandGenLinSOE.h">
      <Filter>bandGEN</Filter>
    </ClInclude>
    <ClInclude Include="..\..\..\SRC\system_of_eqn\linearSOE\bandGEN\BandGenLinSolver.h">
      <Filter>bandGEN</Filter>
    </ClInclude>
    <ClInclude Include="..\..\..\SRC\system_of_eqn\linearSOE\bandGEN\DistributedBandGenLinSOE.h">
      <Filter>bandGEN</Filter>
    </ClInclude>
    <ClInclude Include="..\..\..\SRC\system_of_eqn\linearSOE\bandSPD\BandSPDLinLapackSolver.h">
      <Filter>bandSPD</Filter>
    </ClInclude>
    <ClInclude Include="..\..\..\SRC\system_of_eqn\linearSOE\bandSPD\BandSPDLinSOE.h">
      <Filter>bandSPD</Filter>
    </ClInclude>
    <ClInclude Include="..\..\..\SRC\system_of_eqn\linearSOE\bandSPD\BandSPDLinSolver.h">
      <Filter>bandSPD</Filter>
    </ClInclude>
    <ClInclude Include="..\..\..\SRC\system_of_eqn\linearSOE\bandSPD\DistributedBandSPDLinSOE.h">
      <Filter>bandSPD</Filter>
    </ClInclude>
    <ClInclude Include="..\..\..\SRC\system_of_eqn\eigenSOE\FullGenEigenSOE.h">
      <Filter>fullGEN</Filter>
    </ClInclude>
    <ClInclude Include="..\..\..\SRC\system_of_eqn\eigenSOE\FullGenEigenSolver.h">
      <Filter>fullGEN</Filter>
    </ClInclude>
    <ClInclude Include="..\..\..\SRC\system_of_eqn\linearSOE\fullGEN\FullGenLinLapackSolver.h">
      <Filter>fullGEN</Filter>
    </ClInclude>
    <ClInclude Include="..\..\..\SRC\system_of_eqn\linearSOE\fullGEN\FullGenLinSOE.h">
      <Filter>fullGEN</Filter>
    </ClInclude>
    <ClInclude Include="..\..\..\SRC\system_of_eqn\linearSOE\fullGEN\FullGenLinSolver.h">
      <Filter>fullGEN</Filter>
    </ClInclude>
    <ClInclude Include="..\..\..\SRC\system_of_eqn\linearSOE\umfGEN\UmfpackGenLinSOE.h">
      <Filter>umfGEN</Filter>
    </ClInclude>
    <ClInclude Include="..\..\..\SRC\system_of_eqn\linearSOE\umfGEN\UmfpackGenLinSolver.h">
      <Filter>umfGEN</Filter>
    </ClInclude>
    <ClInclude Include="..\..\..\SRC\system_of_eqn\linearSOE\sparseGEN\PFEMCompressibleLinSOE.h">
      <Filter>sparseGEN</Filter>
    </ClInclude>
    <ClInclude Include="..\..\..\SRC\system_of_eqn\linearSOE\sparseGEN\PFEMCompressibleSolver.h">
      <Filter>sparseGEN</Filter>
    </ClInclude>
    <ClInclude Include="..\..\..\SRC\system_of_eqn\linearSOE\sparseGEN\PFEMLinSOE.h">
      <Filter>sparseGEN</Filter>
    </ClInclude>
    <ClInclude Include="..\..\..\SRC\system_of_eqn\linearSOE\sparseGEN\PFEMSolver.h">
      <Filter>sparseGEN</Filter>
    </ClInclude>
    <ClInclude Include="..\..\..\SRC\system_of_eqn\linearSOE\sparseGEN\SparseGenColLinSOE.h">
      <Filter>sparseGEN</Filter>
    </ClInclude>
    <ClInclude Include="..\..\..\SRC\system_of_eqn\linearSOE\sparseGEN\SparseGenColLinSolver.h">
      <Filter>sparseGEN</Filter>
    </ClInclude>
    <ClInclude Include="..\..\..\SRC\system_of_eqn\linearSOE\sparseGEN\SparseGenRowLinSOE.h">
      <Filter>sparseGEN</Filter>
    </ClInclude>
    <ClInclude Include="..\..\..\SRC\system_of_eqn\linearSOE\sparseGEN\SparseGenRowLinSolver.h">
      <Filter>sparseGEN</Filter>
    </ClInclude>
    <ClInclude Include="..\..\..\SRC\system_of_eqn\linearSOE\sparseGEN\SuperLU.h">
      <Filter>sparseGEN</Filter>
    </ClInclude>
    <ClInclude Include="..\..\..\SRC\system_of_eqn\eigenSOE\ArpackSOE.h">
      <Filter>arpack</Filter>
    </ClInclude>
    <ClInclude Include="..\..\..\SRC\system_of_eqn\eigenSOE\ArpackSolver.h">
      <Filter>arpack</Filter>
    </ClInclude>
    <ClInclude Include="..\..\..\SRC\system_of_eqn\eigenSOE\SymBandEigenSOE.h">
      <Filter>symBandEigen</Filter>
    </ClInclude>
    <ClInclude Include="..\..\..\SRC\system_of_eqn\eigenSOE\SymBandEigenSolver.h">
      <Filter>symBandEigen</Filter>
    </ClInclude>
    <ClInclude Include="..\..\..\SRC\system_of_eqn\linearSOE\diagonal\DiagonalDirectSolver.h">
      <Filter>diagonal</Filter>
    </ClInclude>
    <ClInclude Include="..\..\..\SRC\system_of_eqn\linearSOE\diagonal\DiagonalSOE.h">
      <Filter>diagonal</Filter>
    </ClInclude>
    <ClInclude Include="..\..\..\SRC\system_of_eqn\linearSOE\diagonal\DiagonalSolver.h">
      <Filter>diagonal</Filter>
    </ClInclude>
    <ClInclude Include="..\..\..\SRC\system_of_eqn\linearSOE\diagonal\DistributedDiagonalSOE.h">
      <Filter>diagonal</Filter>
    </ClInclude>
    <ClInclude Include="..\..\..\SRC\system_of_eqn\linearSOE\diagonal\DistributedDiagonalSolver.h">
      <Filter>diagonal</Filter>
    </ClInclude>
    <ClInclude Include="..\..\..\SRC\system_of_eqn\linearSOE\sparseGEN\PFEMSolver_Umfpack.h">
      <Filter>sparseGEN</Filter>
    </ClInclude>
    <ClInclude Include="..\..\..\SRC\system_of_eqn\linearSOE\sparseGEN\PFEMSolver_Laplace.h">
      <Filter>sparseGEN</Filter>
    </ClInclude>
    <ClInclude Include="..\..\..\SRC\system_of_eqn\linearSOE\sparseGEN\PFEMSolver_LumpM.h">
      <Filter>sparseGEN</Filter>
    </ClInclude>
    <ClInclude Include="..\..\..\SRC\system_of_eqn\linearSOE\sparseGEN\PFEMSolver_Mumps.h">
      <Filter>sparseGEN</Filter>
    </ClInclude>
  </ItemGroup>
</Project>