Microsoft Visual Studio Solution File, Format Version 12.00
# Visual Studio Version 16
VisualStudioVersion = 16.0.31005.135
MinimumVisualStudioVersion = 10.0.40219.1
Project("{8BC9CEB8-8B4A-11D0-8D11-00A0C91BC942}") = "pord_c", "cProjects\pord_c.vcxproj", "{67F962F1-F153-4F1A-A6A9-CAA9408F4E44}"
EndProject
Project("{8BC9CEB8-8B4A-11D0-8D11-00A0C91BC942}") = "mumps_common_c", "cProjects\mumps_common_c.vcxproj", "{7CDA81A4-15B1-4D49-987E-F56EDF429E12}"
EndProject
Project("{8BC9CEB8-8B4A-11D0-8D11-00A0C91BC942}") = "libSeq_c", "cProjects\libSeq_c.vcxproj", "{92CD8BBF-0BF2-478F-B0EE-0B2F6C67F8C3}"
EndProject
Project("{8BC9CEB8-8B4A-11D0-8D11-00A0C91BC942}") = "dmumps_c", "cProjects\dmumps_c.vcxproj", "{8DF5C3B0-12F6-4180-B7EF-80A3B560989E}"
EndProject
Project("{6989167D-11E4-40FE-8C1A-2192A86A7E90}") = "libseq_fortran", "fProjects\libseq_fortran.vfproj", "{071590FE-3BFD-4285-A2C6-ADAA66A6D3E1}"
EndProject
Project("{6989167D-11E4-40FE-8C1A-2192A86A7E90}") = "dmumps_fortran", "fProjects\dmumps_fortran.vfproj", "{2126FD12-02A7-4271-9C07-5BC461D4E486}"
EndProject
Project("{8BC9CEB8-8B4A-11D0-8D11-00A0C91BC942}") = "xExamples", "Examples\Examples.vcxproj", "{42381202-00C7-4581-B621-873BDFDEBD33}"
	ProjectSection(ProjectDependencies) = postProject
		{2126FD12-02A7-4271-9C07-5BC461D4E486} = {2126FD12-02A7-4271-9C07-5BC461D4E486}
		{7CDA81A4-15B1-4D49-987E-F56EDF429E12} = {7CDA81A4-15B1-4D49-987E-F56EDF429E12}
		{8DF5C3B0-12F6-4180-B7EF-80A3B560989E} = {8DF5C3B0-12F6-4180-B7EF-80A3B560989E}
		{92CD8BBF-0BF2-478F-B0EE-0B2F6C67F8C3} = {92CD8BBF-0BF2-478F-B0EE-0B2F6C67F8C3}
		{67F962F1-F153-4F1A-A6A9-CAA9408F4E44} = {67F962F1-F153-4F1A-A6A9-CAA9408F4E44}
		{071590FE-3BFD-4285-A2C6-ADAA66A6D3E1} = {071590FE-3BFD-4285-A2C6-ADAA66A6D3E1}
	EndProjectSection
EndProject
Global
	GlobalSection(SolutionConfigurationPlatforms) = preSolution
		Debug|Win32 = Debug|Win32
		Debug|x64 = Debug|x64
		Release|Win32 = Release|Win32
		Release|x64 = Release|x64
	EndGlobalSection
	GlobalSection(ProjectConfigurationPlatforms) = postSolution
		{67F962F1-F153-4F1A-A6A9-CAA9408F4E44}.Debug|Win32.ActiveCfg = Debug|Win32
		{67F962F1-F153-4F1A-A6A9-CAA9408F4E44}.Debug|Win32.Build.0 = Debug|Win32
		{67F962F1-F153-4F1A-A6A9-CAA9408F4E44}.Debug|x64.ActiveCfg = Debug|x64
		{67F962F1-F153-4F1A-A6A9-CAA9408F4E44}.Debug|x64.Build.0 = Debug|x64
		{67F962F1-F153-4F1A-A6A9-CAA9408F4E44}.Release|Win32.ActiveCfg = Release|Win32
		{67F962F1-F153-4F1A-A6A9-CAA9408F4E44}.Release|x64.ActiveCfg = Release|x64
		{67F962F1-F153-4F1A-A6A9-CAA9408F4E44}.Release|x64.Build.0 = Release|x64
		{7CDA81A4-15B1-4D49-987E-F56EDF429E12}.Debug|Win32.ActiveCfg = Debug|Win32
		{7CDA81A4-15B1-4D49-987E-F56EDF429E12}.Debug|Win32.Build.0 = Debug|Win32
		{7CDA81A4-15B1-4D49-987E-F56EDF429E12}.Debug|x64.ActiveCfg = Debug|x64
		{7CDA81A4-15B1-4D49-987E-F56EDF429E12}.Debug|x64.Build.0 = Debug|x64
		{7CDA81A4-15B1-4D49-987E-F56EDF429E12}.Release|Win32.ActiveCfg = Release|Win32
		{7CDA81A4-15B1-4D49-987E-F56EDF429E12}.Release|x64.ActiveCfg = Release|x64
		{7CDA81A4-15B1-4D49-987E-F56EDF429E12}.Release|x64.Build.0 = Release|x64
		{92CD8BBF-0BF2-478F-B0EE-0B2F6C67F8C3}.Debug|Win32.ActiveCfg = Debug|Win32
		{92CD8BBF-0BF2-478F-B0EE-0B2F6C67F8C3}.Debug|Win32.Build.0 = Debug|Win32
		{92CD8BBF-0BF2-478F-B0EE-0B2F6C67F8C3}.Debug|x64.ActiveCfg = Debug|x64
		{92CD8BBF-0BF2-478F-B0EE-0B2F6C67F8C3}.Debug|x64.Build.0 = Debug|x64
		{92CD8BBF-0BF2-478F-B0EE-0B2F6C67F8C3}.Release|Win32.ActiveCfg = Release|Win32
		{92CD8BBF-0BF2-478F-B0EE-0B2F6C67F8C3}.Release|x64.ActiveCfg = Release|x64
		{92CD8BBF-0BF2-478F-B0EE-0B2F6C67F8C3}.Release|x64.Build.0 = Release|x64
		{8DF5C3B0-12F6-4180-B7EF-80A3B560989E}.Debug|Win32.ActiveCfg = Debug|Win32
		{8DF5C3B0-12F6-4180-B7EF-80A3B560989E}.Debug|Win32.Build.0 = Debug|Win32
		{8DF5C3B0-12F6-4180-B7EF-80A3B560989E}.Debug|x64.ActiveCfg = Debug|x64
		{8DF5C3B0-12F6-4180-B7EF-80A3B560989E}.Debug|x64.Build.0 = Debug|x64
		{8DF5C3B0-12F6-4180-B7EF-80A3B560989E}.Release|Win32.ActiveCfg = Release|Win32
		{8DF5C3B0-12F6-4180-B7EF-80A3B560989E}.Release|x64.ActiveCfg = Release|x64
		{8DF5C3B0-12F6-4180-B7EF-80A3B560989E}.Release|x64.Build.0 = Release|x64
		{071590FE-3BFD-4285-A2C6-ADAA66A6D3E1}.Debug|Win32.ActiveCfg = Debug|Win32
		{071590FE-3BFD-4285-A2C6-ADAA66A6D3E1}.Debug|Win32.Build.0 = Debug|Win32
		{071590FE-3BFD-4285-A2C6-ADAA66A6D3E1}.Debug|x64.ActiveCfg = Debug|x64
		{071590FE-3BFD-4285-A2C6-ADAA66A6D3E1}.Debug|x64.Build.0 = Debug|x64
		{071590FE-3BFD-4285-A2C6-ADAA66A6D3E1}.Release|Win32.ActiveCfg = Release|Win32
		{071590FE-3BFD-4285-A2C6-ADAA66A6D3E1}.Release|x64.ActiveCfg = Release|x64
		{071590FE-3BFD-4285-A2C6-ADAA66A6D3E1}.Release|x64.Build.0 = Release|x64
		{2126FD12-02A7-4271-9C07-5BC461D4E486}.Debug|Win32.ActiveCfg = Debug|Win32
		{2126FD12-02A7-4271-9C07-5BC461D4E486}.Debug|Win32.Build.0 = Debug|Win32
		{2126FD12-02A7-4271-9C07-5BC461D4E486}.Debug|x64.ActiveCfg = Debug|x64
		{2126FD12-02A7-4271-9C07-5BC461D4E486}.Debug|x64.Build.0 = Debug|x64
		{2126FD12-02A7-4271-9C07-5BC461D4E486}.Release|Win32.ActiveCfg = Release|Win32
		{2126FD12-02A7-4271-9C07-5BC461D4E486}.Release|x64.ActiveCfg = Release|x64
		{2126FD12-02A7-4271-9C07-5BC461D4E486}.Release|x64.Build.0 = Release|x64
		{42381202-00C7-4581-B621-873BDFDEBD33}.Debug|Win32.ActiveCfg = Debug|Win32
		{42381202-00C7-4581-B621-873BDFDEBD33}.Debug|Win32.Build.0 = Debug|Win32
		{42381202-00C7-4581-B621-873BDFDEBD33}.Debug|x64.ActiveCfg = Debug|x64
		{42381202-00C7-4581-B621-873BDFDEBD33}.Debug|x64.Build.0 = Debug|x64
		{42381202-00C7-4581-B621-873BDFDEBD33}.Release|Win32.ActiveCfg = Release|Win32
		{42381202-00C7-4581-B621-873BDFDEBD33}.Release|Win32.Build.0 = Release|Win32
		{42381202-00C7-4581-B621-873BDFDEBD33}.Release|x64.ActiveCfg = Release|x64
		{42381202-00C7-4581-B621-873BDFDEBD33}.Release|x64.Build.0 = Release|x64
	EndGlobalSection
	GlobalSection(SolutionProperties) = preSolution
		HideSolutionNode = FALSE
	EndGlobalSection
	GlobalSection(ExtensibilityGlobals) = postSolution
		SolutionGuid = {4487F165-8A21-49DB-AB95-9BD37635EA5B}
	EndGlobalSection
EndGlobal
