<?xml version="1.0" encoding="utf-8"?>
<Project ToolsVersion="4.0" xmlns="http://schemas.microsoft.com/developer/msbuild/2003">
  <ItemGroup>
    <Filter Include="Source Files">
      <UniqueIdentifier>{08b0bb97-e89c-4734-9673-f976b03fb431}</UniqueIdentifier>
      <Extensions>cpp;c;cxx;rc;def;r;odl;idl;hpj;bat</Extensions>
    </Filter>
    <Filter Include="Header Files">
      <UniqueIdentifier>{90db3b00-f43a-4086-88b3-9b6e2e911afd}</UniqueIdentifier>
      <Extensions>h;hpp;hxx;hm;inl</Extensions>
    </Filter>
    <Filter Include="truss">
      <UniqueIdentifier>{3c049f34-3961-4b58-accd-41e391c04bc3}</UniqueIdentifier>
    </Filter>
    <Filter Include="feap">
      <UniqueIdentifier>{2fb9f171-0d85-42f4-961c-6aff0f2f10d8}</UniqueIdentifier>
    </Filter>
    <Filter Include="zeroLength">
      <UniqueIdentifier>{34edf597-ca23-45a1-a1c7-7723635d5919}</UniqueIdentifier>
    </Filter>
    <Filter Include="beamWithHinges">
      <UniqueIdentifier>{83a3c374-25f8-4682-9247-90334059a512}</UniqueIdentifier>
    </Filter>
    <Filter Include="crdTransf">
      <UniqueIdentifier>{169394f8-16cf-4672-a034-6695caa4febc}</UniqueIdentifier>
    </Filter>
    <Filter Include="quad">
      <UniqueIdentifier>{74b5a095-1d00-400b-8061-61b8fd71e8bf}</UniqueIdentifier>
    </Filter>
    <Filter Include="elasticBeamColumn">
      <UniqueIdentifier>{103a7a27-10af-463e-a448-ec630387ca04}</UniqueIdentifier>
    </Filter>
    <Filter Include="brick">
      <UniqueIdentifier>{b4200bde-5160-4ac0-9158-5cad6e482511}</UniqueIdentifier>
    </Filter>
    <Filter Include="dispBeamColumn">
      <UniqueIdentifier>{fa337fe6-cf56-4f5a-ad7a-2578bc799685}</UniqueIdentifier>
    </Filter>
    <Filter Include="joint">
      <UniqueIdentifier>{f964aa14-22b3-4c36-b75f-93695ad353d6}</UniqueIdentifier>
    </Filter>
    <Filter Include="ulBeamColumn">
      <UniqueIdentifier>{b4d727c7-0613-4ce9-994b-403603905ebd}</UniqueIdentifier>
    </Filter>
    <Filter Include="forceBeamColumn">
      <UniqueIdentifier>{c0bdc96e-baef-4b25-a82f-d3ada69f67f5}</UniqueIdentifier>
    </Filter>
    <Filter Include="forceBeamColumn\beamIntegration">
      <UniqueIdentifier>{fded6899-7f37-4546-89ef-cae76ed4587a}</UniqueIdentifier>
    </Filter>
    <Filter Include="nonlinearBeamColumn">
      <UniqueIdentifier>{c0333638-3c4d-4e1c-9f21-8bfc689a97f5}</UniqueIdentifier>
    </Filter>
    <Filter Include="nonlinearBeamColumn\matrixutil">
      <UniqueIdentifier>{0db3e51c-adef-432d-ab21-bd132ad3b794}</UniqueIdentifier>
    </Filter>
    <Filter Include="nonlinearBeamColumn\quadrule">
      <UniqueIdentifier>{9cb49bfd-022e-4bcc-88c4-03405b92b252}</UniqueIdentifier>
    </Filter>
    <Filter Include="up">
      <UniqueIdentifier>{f485bea5-3b11-4b6d-a3b5-9823025b2944}</UniqueIdentifier>
    </Filter>
    <Filter Include="dispBeamColumnInt">
      <UniqueIdentifier>{fb1987a1-fa70-4d61-baf8-9444adec3380}</UniqueIdentifier>
    </Filter>
    <Filter Include="generic">
      <UniqueIdentifier>{b9535ea7-4d5d-49df-8126-3be8efa6b737}</UniqueIdentifier>
    </Filter>
    <Filter Include="twoNodeLink">
      <UniqueIdentifier>{18bb652a-bce5-467b-ac73-dd90f72ca368}</UniqueIdentifier>
    </Filter>
    <Filter Include="adapter">
      <UniqueIdentifier>{f63bd373-5f5f-459f-9033-b7a44dee6c2d}</UniqueIdentifier>
    </Filter>
    <Filter Include="elastomericBearing">
      <UniqueIdentifier>{a2f3f6da-4b07-4594-b3a4-2f5ee71d50b9}</UniqueIdentifier>
    </Filter>
    <Filter Include="frictionBearing">
      <UniqueIdentifier>{ef8415e0-cb71-4337-a1de-1cc5435dfc89}</UniqueIdentifier>
    </Filter>
    <Filter Include="frictionBearing\frictionModel">
      <UniqueIdentifier>{53bba2ab-aa86-4f90-b7ba-c8b6ab4563ec}</UniqueIdentifier>
    </Filter>
    <Filter Include="pyMacro">
      <UniqueIdentifier>{316c628d-1a08-4c01-ab46-5efc5c3f53fe}</UniqueIdentifier>
    </Filter>
    <Filter Include="surfaceLoad">
      <UniqueIdentifier>{dabeaa56-bff2-4394-b1bf-e6c96df5d45b}</UniqueIdentifier>
    </Filter>
    <Filter Include="UWelements">
      <UniqueIdentifier>{714ed9ea-855e-4c2f-8e11-b6e44278ab31}</UniqueIdentifier>
    </Filter>
    <Filter Include="triangle">
      <UniqueIdentifier>{a706b081-f71b-4fbf-b64b-9d714c3847d8}</UniqueIdentifier>
    </Filter>
    <Filter Include="shell">
      <UniqueIdentifier>{330c3926-5973-4f64-970c-1c98373bd499}</UniqueIdentifier>
    </Filter>
    <Filter Include="pfem">
      <UniqueIdentifier>{8482751c-eae5-4555-a2ae-bdb2c0fe33c4}</UniqueIdentifier>
    </Filter>
    <Filter Include="HUelements">
      <UniqueIdentifier>{4bf089f4-7ad5-436e-86ab-3bd273a1e40e}</UniqueIdentifier>
    </Filter>
    <Filter Include="XMUelements">
      <UniqueIdentifier>{2e41d642-afd1-4178-8a91-c932ebdcf897}</UniqueIdentifier>
    </Filter>
    <Filter Include="mvlem">
      <UniqueIdentifier>{724e1d72-2535-46da-9f06-9d05579be813}</UniqueIdentifier>
    </Filter>
    <Filter Include="componentElement">
      <UniqueIdentifier>{f9ae4ba5-03f0-4bec-ba3c-56ec0395d69c}</UniqueIdentifier>
    </Filter>
    <Filter Include="catenaryCable">
      <UniqueIdentifier>{7156b1ec-2ba3-42b3-9b09-8bfa3bdc5eeb}</UniqueIdentifier>
    </Filter>
    <Filter Include="tetrahedron">
      <UniqueIdentifier>{f5452ba9-6ab4-420a-bc56-865295386031}</UniqueIdentifier>
    </Filter>
    <Filter Include="absorbentBoundaries">
      <UniqueIdentifier>{a137f837-5e33-4139-aaa5-d2044974edf4}</UniqueIdentifier>
    </Filter>
  </ItemGroup>
  <ItemGroup>
    <ClCompile Include="..\..\..\SRC\element\Element.cpp">
      <Filter>Source Files</Filter>
    </ClCompile>
    <ClCompile Include="..\..\..\SRC\element\ElementalLoad.cpp">
      <Filter>Source Files</Filter>
    </ClCompile>
    <ClCompile Include="..\..\..\SRC\element\Information.cpp">
      <Filter>Source Files</Filter>
    </ClCompile>
    <ClCompile Include="..\..\..\SRC\element\TclElementCommands.cpp">
      <Filter>Source Files</Filter>
    </ClCompile>
    <ClCompile Include="..\..\..\SRC\element\WrapperElement.cpp">
      <Filter>Source Files</Filter>
    </ClCompile>
    <ClCompile Include="..\..\..\SRC\element\truss\CorotTruss.cpp">
      <Filter>truss</Filter>
    </ClCompile>
    <ClCompile Include="..\..\..\SRC\element\truss\CorotTruss2.cpp">
      <Filter>truss</Filter>
    </ClCompile>
    <ClCompile Include="..\..\..\Src\element\truss\CorotTrussSection.cpp">
      <Filter>truss</Filter>
    </ClCompile>
    <ClCompile Include="..\..\..\SRC\element\truss\N4BiaxialTruss.cpp">
      <Filter>truss</Filter>
    </ClCompile>
    <ClCompile Include="..\..\..\SRC\element\truss\Truss.cpp">
      <Filter>truss</Filter>
    </ClCompile>
    <ClCompile Include="..\..\..\SRC\element\truss\Truss2.cpp">
      <Filter>truss</Filter>
    </ClCompile>
    <ClCompile Include="..\..\..\SRC\element\truss\TrussSection.cpp">
      <Filter>truss</Filter>
    </ClCompile>
    <ClCompile Include="..\..\..\SRC\element\feap\TclFeapElementCommand.cpp">
      <Filter>feap</Filter>
    </ClCompile>
    <ClCompile Include="..\..\..\SRC\element\feap\fElement.cpp">
      <Filter>feap</Filter>
    </ClCompile>
    <ClCompile Include="..\..\..\SRC\element\feap\fElmt02.cpp">
      <Filter>feap</Filter>
    </ClCompile>
    <ClCompile Include="..\..\..\SRC\element\zeroLength\CoupledZeroLength.cpp">
      <Filter>zeroLength</Filter>
    </ClCompile>
    <ClCompile Include="..\..\..\SRC\element\zeroLength\TclZeroLength.cpp">
      <Filter>zeroLength</Filter>
    </ClCompile>
    <ClCompile Include="..\..\..\SRC\element\zeroLength\ZeroLength.cpp">
      <Filter>zeroLength</Filter>
    </ClCompile>
    <ClCompile Include="..\..\..\SRC\element\zeroLength\ZeroLengthVG_HG.cpp">
      <Filter>zeroLength</Filter>
    </ClCompile>
    <ClCompile Include="..\..\..\SRC\element\zeroLength\ZeroLengthContact2D.cpp">
      <Filter>zeroLength</Filter>
    </ClCompile>
    <ClCompile Include="..\..\..\SRC\element\zeroLength\ZeroLengthContact3D.cpp">
      <Filter>zeroLength</Filter>
    </ClCompile>
    <ClCompile Include="..\..\..\SRC\element\zeroLength\ZeroLengthContactNTS2D.cpp">
      <Filter>zeroLength</Filter>
    </ClCompile>
    <ClCompile Include="..\..\..\SRC\element\zeroLength\ZeroLengthImpact3D.cpp">
      <Filter>zeroLength</Filter>
    </ClCompile>
    <ClCompile Include="..\..\..\SRC\element\zeroLength\ZeroLengthInterface2D.cpp">
      <Filter>zeroLength</Filter>
    </ClCompile>
    <ClCompile Include="..\..\..\SRC\element\zeroLength\ZeroLengthND.cpp">
      <Filter>zeroLength</Filter>
    </ClCompile>
    <ClCompile Include="..\..\..\SRC\element\zeroLength\ZeroLengthRocking.cpp">
      <Filter>zeroLength</Filter>
    </ClCompile>
    <ClCompile Include="..\..\..\SRC\element\zeroLength\ZeroLengthSection.cpp">
      <Filter>zeroLength</Filter>
    </ClCompile>
    <ClCompile Include="..\..\..\SRC\element\beamWithHinges\TclBeamWithHingesBuilder.cpp">
      <Filter>beamWithHinges</Filter>
    </ClCompile>
    <ClCompile Include="..\..\..\SRC\coordTransformation\CorotCrdTransf2d.cpp">
      <Filter>crdTransf</Filter>
    </ClCompile>
    <ClCompile Include="..\..\..\SRC\coordTransformation\CorotCrdTransf3d.cpp">
      <Filter>crdTransf</Filter>
    </ClCompile>
    <ClCompile Include="..\..\..\SRC\coordTransformation\CrdTransf.cpp">
      <Filter>crdTransf</Filter>
    </ClCompile>
    <ClCompile Include="..\..\..\SRC\coordTransformation\LinearCrdTransf2d.cpp">
      <Filter>crdTransf</Filter>
    </ClCompile>
    <ClCompile Include="..\..\..\SRC\coordTransformation\LinearCrdTransf3d.cpp">
      <Filter>crdTransf</Filter>
    </ClCompile>
    <ClCompile Include="..\..\..\SRC\coordTransformation\PDeltaCrdTransf2d.cpp">
      <Filter>crdTransf</Filter>
    </ClCompile>
    <ClCompile Include="..\..\..\SRC\coordTransformation\PDeltaCrdTransf3d.cpp">
      <Filter>crdTransf</Filter>
    </ClCompile>
    <ClCompile Include="..\..\..\SRC\coordTransformation\TclGeomTransfCommand.cpp">
      <Filter>crdTransf</Filter>
    </ClCompile>
    <ClCompile Include="..\..\..\SRC\element\fourNodeQuad\ConstantPressureVolumeQuad.cpp">
      <Filter>quad</Filter>
    </ClCompile>
    <ClCompile Include="..\..\..\SRC\element\fourNodeQuad\EnhancedQuad.cpp">
      <Filter>quad</Filter>
    </ClCompile>
    <ClCompile Include="..\..\..\SRC\element\fourNodeQuad\FourNodeQuad.cpp">
      <Filter>quad</Filter>
    </ClCompile>
    <ClCompile Include="..\..\..\SRC\element\fourNodeQuad\FourNodeQuad3d.cpp">
      <Filter>quad</Filter>
    </ClCompile>
    <ClCompile Include="..\..\..\SRC\element\fourNodeQuad\FourNodeQuadWithSensitivity.cpp">
      <Filter>quad</Filter>
    </ClCompile>
    <ClCompile Include="..\..\..\SRC\element\fourNodeQuad\NineNodeMixedQuad.cpp">
      <Filter>quad</Filter>
    </ClCompile>
    <ClCompile Include="..\..\..\SRC\element\fourNodeQuad\TclFourNodeQuadCommand.cpp">
      <Filter>quad</Filter>
    </ClCompile>
    <ClCompile Include="..\..\..\SRC\element\elasticBeamColumn\ElasticBeam2d.cpp">
      <Filter>elasticBeamColumn</Filter>
    </ClCompile>
    <ClCompile Include="..\..\..\SRC\element\elasticBeamColumn\ElasticBeam3d.cpp">
      <Filter>elasticBeamColumn</Filter>
    </ClCompile>
    <ClCompile Include="..\..\..\SRC\element\elasticBeamColumn\ElasticTimoshenkoBeam2d.cpp">
      <Filter>elasticBeamColumn</Filter>
    </ClCompile>
    <ClCompile Include="..\..\..\SRC\element\elasticBeamColumn\ElasticTimoshenkoBeam3d.cpp">
      <Filter>elasticBeamColumn</Filter>
    </ClCompile>
    <ClCompile Include="..\..\..\SRC\element\elasticBeamColumn\ModElasticBeam2d.cpp">
      <Filter>elasticBeamColumn</Filter>
    </ClCompile>
    <ClCompile Include="..\..\..\SRC\element\elasticBeamColumn\TclElasticBeamCommand.cpp">
      <Filter>elasticBeamColumn</Filter>
    </ClCompile>
    <ClCompile Include="..\..\..\SRC\element\brick\BbarBrick.cpp">
      <Filter>brick</Filter>
    </ClCompile>
    <ClCompile Include="..\..\..\SRC\element\brick\BbarBrickWithSensitivity.cpp">
      <Filter>brick</Filter>
    </ClCompile>
    <ClCompile Include="..\..\..\SRC\element\brick\Brick.cpp">
      <Filter>brick</Filter>
    </ClCompile>
    <ClCompile Include="..\..\..\SRC\element\brick\TclBrickCommand.cpp">
      <Filter>brick</Filter>
    </ClCompile>
    <ClCompile Include="..\..\..\SRC\element\brick\TclTwenty_Node_BrickCommand.cpp">
      <Filter>brick</Filter>
    </ClCompile>
    <ClCompile Include="..\..\..\SRC\element\brick\Twenty_Node_Brick.cpp">
      <Filter>brick</Filter>
    </ClCompile>
    <ClCompile Include="..\..\..\SRC\element\brick\shp3d.cpp">
      <Filter>brick</Filter>
    </ClCompile>
    <ClCompile Include="..\..\..\SRC\element\dispBeamColumn\DispBeamColumn2d.cpp">
      <Filter>dispBeamColumn</Filter>
    </ClCompile>
    <ClCompile Include="..\..\..\SRC\element\dispBeamColumn\DispBeamColumn2dWithSensitivity.cpp">
      <Filter>dispBeamColumn</Filter>
    </ClCompile>
    <ClCompile Include="..\..\..\SRC\element\dispBeamColumn\DispBeamColumn3d.cpp">
      <Filter>dispBeamColumn</Filter>
    </ClCompile>
    <ClCompile Include="..\..\..\SRC\element\dispBeamColumn\DispBeamColumn3dWithSensitivity.cpp">
      <Filter>dispBeamColumn</Filter>
    </ClCompile>
    <ClCompile Include="..\..\..\SRC\element\joint\BeamColumnJoint2d.cpp">
      <Filter>joint</Filter>
    </ClCompile>
    <ClCompile Include="..\..\..\SRC\element\joint\BeamColumnJoint3d.cpp">
      <Filter>joint</Filter>
    </ClCompile>
    <ClCompile Include="..\..\..\SRC\element\joint\ElasticTubularJoint.cpp">
      <Filter>joint</Filter>
    </ClCompile>
    <ClCompile Include="..\..\..\Src\element\joint\Joint2D.cpp">
      <Filter>joint</Filter>
    </ClCompile>
    <ClCompile Include="..\..\..\SRC\element\joint\Joint3D.cpp">
      <Filter>joint</Filter>
    </ClCompile>
    <ClCompile Include="..\..\..\Src\element\joint\MP_Joint2D.cpp">
      <Filter>joint</Filter>
    </ClCompile>
    <ClCompile Include="..\..\..\SRC\element\joint\MP_Joint3D.cpp">
      <Filter>joint</Filter>
    </ClCompile>
    <ClCompile Include="..\..\..\SRC\element\joint\TclBeamColumnJointCommand.cpp">
      <Filter>joint</Filter>
    </ClCompile>
    <ClCompile Include="..\..\..\Src\element\joint\TclJoint2dCommand.cpp">
      <Filter>joint</Filter>
    </ClCompile>
    <ClCompile Include="..\..\..\SRC\element\joint\TclJoint3dCommand.cpp">
      <Filter>joint</Filter>
    </ClCompile>
    <ClCompile Include="..\..\..\SRC\element\updatedLagrangianBeamColumn\BilinearCyclic.cpp">
      <Filter>ulBeamColumn</Filter>
    </ClCompile>
    <ClCompile Include="..\..\..\SRC\element\updatedLagrangianBeamColumn\CyclicModel.cpp">
      <Filter>ulBeamColumn</Filter>
    </ClCompile>
    <ClCompile Include="..\..\..\SRC\element\updatedLagrangianBeamColumn\Elastic2DGNL.cpp">
      <Filter>ulBeamColumn</Filter>
    </ClCompile>
    <ClCompile Include="..\..\..\SRC\element\updatedLagrangianBeamColumn\Inelastic2DYS01.cpp">
      <Filter>ulBeamColumn</Filter>
    </ClCompile>
    <ClCompile Include="..\..\..\SRC\element\updatedLagrangianBeamColumn\Inelastic2DYS02.cpp">
      <Filter>ulBeamColumn</Filter>
    </ClCompile>
    <ClCompile Include="..\..\..\SRC\element\updatedLagrangianBeamColumn\Inelastic2DYS03.cpp">
      <Filter>ulBeamColumn</Filter>
    </ClCompile>
    <ClCompile Include="..\..\..\SRC\element\updatedLagrangianBeamColumn\InelasticYS2DGNL.cpp">
      <Filter>ulBeamColumn</Filter>
    </ClCompile>
    <ClCompile Include="..\..\..\SRC\element\updatedLagrangianBeamColumn\LinearCyclic.cpp">
      <Filter>ulBeamColumn</Filter>
    </ClCompile>
    <ClCompile Include="..\..\..\SRC\element\updatedLagrangianBeamColumn\QuadraticCyclic.cpp">
      <Filter>ulBeamColumn</Filter>
    </ClCompile>
    <ClCompile Include="..\..\..\SRC\element\updatedLagrangianBeamColumn\TclCyclicModelCommands.cpp">
      <Filter>ulBeamColumn</Filter>
    </ClCompile>
    <ClCompile Include="..\..\..\SRC\element\updatedLagrangianBeamColumn\TclElement2dGNL.cpp">
      <Filter>ulBeamColumn</Filter>
    </ClCompile>
    <ClCompile Include="..\..\..\SRC\element\updatedLagrangianBeamColumn\TclElement2dYS.cpp">
      <Filter>ulBeamColumn</Filter>
    </ClCompile>
    <ClCompile Include="..\..\..\SRC\element\updatedLagrangianBeamColumn\UpdatedLagrangianBeam2D.cpp">
      <Filter>ulBeamColumn</Filter>
    </ClCompile>
    <ClCompile Include="..\..\..\SRC\element\forceBeamColumn\ElasticForceBeamColumn2d.cpp">
      <Filter>forceBeamColumn</Filter>
    </ClCompile>
    <ClCompile Include="..\..\..\SRC\element\forceBeamColumn\ElasticForceBeamColumn3d.cpp">
      <Filter>forceBeamColumn</Filter>
    </ClCompile>
    <ClCompile Include="..\..\..\SRC\element\forceBeamColumn\ForceBeamColumn2d.cpp">
      <Filter>forceBeamColumn</Filter>
    </ClCompile>
    <ClCompile Include="..\..\..\SRC\element\forceBeamColumn\ForceBeamColumn3d.cpp">
      <Filter>forceBeamColumn</Filter>
    </ClCompile>
    <ClCompile Include="..\..\..\SRC\element\forceBeamColumn\ForceBeamColumnCBDI2d.cpp">
      <Filter>forceBeamColumn</Filter>
    </ClCompile>
    <ClCompile Include="..\..\..\SRC\element\forceBeamColumn\TclForceBeamColumnCommand.cpp">
      <Filter>forceBeamColumn</Filter>
    </ClCompile>
    <ClCompile Include="..\..\..\SRC\element\forceBeamColumn\BeamIntegration.cpp">
      <Filter>forceBeamColumn\beamIntegration</Filter>
    </ClCompile>
    <ClCompile Include="..\..\..\SRC\element\forceBeamColumn\CompositeSimpsonBeamIntegration.cpp">
      <Filter>forceBeamColumn\beamIntegration</Filter>
    </ClCompile>
    <ClCompile Include="..\..\..\SRC\element\forceBeamColumn\DistHingeIntegration.cpp">
      <Filter>forceBeamColumn\beamIntegration</Filter>
    </ClCompile>
    <ClCompile Include="..\..\..\SRC\element\forceBeamColumn\FixedLocationBeamIntegration.cpp">
      <Filter>forceBeamColumn\beamIntegration</Filter>
    </ClCompile>
    <ClCompile Include="..\..\..\SRC\element\forceBeamColumn\HingeEndpointBeamIntegration.cpp">
      <Filter>forceBeamColumn\beamIntegration</Filter>
    </ClCompile>
    <ClCompile Include="..\..\..\SRC\element\forceBeamColumn\HingeMidpointBeamIntegration.cpp">
      <Filter>forceBeamColumn\beamIntegration</Filter>
    </ClCompile>
    <ClCompile Include="..\..\..\SRC\element\forceBeamColumn\HingeRadauBeamIntegration.cpp">
      <Filter>forceBeamColumn\beamIntegration</Filter>
    </ClCompile>
    <ClCompile Include="..\..\..\SRC\element\forceBeamColumn\HingeRadauTwoBeamIntegration.cpp">
      <Filter>forceBeamColumn\beamIntegration</Filter>
    </ClCompile>
    <ClCompile Include="..\..\..\SRC\element\forceBeamColumn\LegendreBeamIntegration.cpp">
      <Filter>forceBeamColumn\beamIntegration</Filter>
    </ClCompile>
    <ClCompile Include="..\..\..\SRC\element\forceBeamColumn\LobattoBeamIntegration.cpp">
      <Filter>forceBeamColumn\beamIntegration</Filter>
    </ClCompile>
    <ClCompile Include="..\..\..\SRC\element\forceBeamColumn\LowOrderBeamIntegration.cpp">
      <Filter>forceBeamColumn\beamIntegration</Filter>
    </ClCompile>
    <ClCompile Include="..\..\..\SRC\element\forceBeamColumn\MidDistanceBeamIntegration.cpp">
      <Filter>forceBeamColumn\beamIntegration</Filter>
    </ClCompile>
    <ClCompile Include="..\..\..\SRC\element\forceBeamColumn\NewtonCotesBeamIntegration.cpp">
      <Filter>forceBeamColumn\beamIntegration</Filter>
    </ClCompile>
    <ClCompile Include="..\..\..\SRC\element\forceBeamColumn\RadauBeamIntegration.cpp">
      <Filter>forceBeamColumn\beamIntegration</Filter>
    </ClCompile>
    <ClCompile Include="..\..\..\SRC\element\forceBeamColumn\RegularizedHingeIntegration.cpp">
      <Filter>forceBeamColumn\beamIntegration</Filter>
    </ClCompile>
    <ClCompile Include="..\..\..\SRC\element\forceBeamColumn\TrapezoidalBeamIntegration.cpp">
      <Filter>forceBeamColumn\beamIntegration</Filter>
    </ClCompile>
    <ClCompile Include="..\..\..\SRC\element\forceBeamColumn\UserDefinedBeamIntegration.cpp">
      <Filter>forceBeamColumn\beamIntegration</Filter>
    </ClCompile>
    <ClCompile Include="..\..\..\SRC\element\forceBeamColumn\UserDefinedHingeIntegration.cpp">
      <Filter>forceBeamColumn\beamIntegration</Filter>
    </ClCompile>
    <ClCompile Include="..\..\..\SRC\element\nonlinearBeamColumn\matrixutil\MatrixUtil.cpp">
      <Filter>nonlinearBeamColumn\matrixutil</Filter>
    </ClCompile>
    <ClCompile Include="..\..\..\SRC\element\UP-ucsd\BBarBrickUP.cpp">
      <Filter>up</Filter>
    </ClCompile>
    <ClCompile Include="..\..\..\SRC\element\UP-ucsd\BBarFourNodeQuadUP.cpp">
      <Filter>up</Filter>
    </ClCompile>
    <ClCompile Include="..\..\..\SRC\element\UP-ucsd\BrickUP.cpp">
      <Filter>up</Filter>
    </ClCompile>
    <ClCompile Include="..\..\..\SRC\element\UP-ucsd\FourNodeQuadUP.cpp">
      <Filter>up</Filter>
    </ClCompile>
    <ClCompile Include="..\..\..\SRC\element\UP-ucsd\Nine_Four_Node_QuadUP.cpp">
      <Filter>up</Filter>
    </ClCompile>
    <ClCompile Include="..\..\..\SRC\element\UP-ucsd\TclFourNodeQuadUPCommand.cpp">
      <Filter>up</Filter>
    </ClCompile>
    <ClCompile Include="..\..\..\SRC\element\UP-ucsd\Twenty_Eight_Node_BrickUP.cpp">
      <Filter>up</Filter>
    </ClCompile>
    <ClCompile Include="..\..\..\SRC\element\UP-ucsd\shp3dv.cpp">
      <Filter>up</Filter>
    </ClCompile>
    <ClCompile Include="..\..\..\SRC\element\dispBeamColumnInt\DispBeamColumn2dInt.cpp">
      <Filter>dispBeamColumnInt</Filter>
    </ClCompile>
    <ClCompile Include="..\..\..\SRC\element\dispBeamColumnInt\FiberSection2dInt.cpp">
      <Filter>dispBeamColumnInt</Filter>
    </ClCompile>
    <ClCompile Include="..\..\..\SRC\element\dispBeamColumnInt\LinearCrdTransf2dInt.cpp">
      <Filter>dispBeamColumnInt</Filter>
    </ClCompile>
    <ClCompile Include="..\..\..\SRC\element\dispBeamColumnInt\TclDispBeamColumnIntCommand.cpp">
      <Filter>dispBeamColumnInt</Filter>
    </ClCompile>
    <ClCompile Include="..\..\..\SRC\element\generic\GenericClient.cpp">
      <Filter>generic</Filter>
    </ClCompile>
    <ClCompile Include="..\..\..\SRC\element\generic\GenericCopy.cpp">
      <Filter>generic</Filter>
    </ClCompile>
    <ClCompile Include="..\..\..\SRC\element\generic\TclGenericClientCommand.cpp">
      <Filter>generic</Filter>
    </ClCompile>
    <ClCompile Include="..\..\..\SRC\element\generic\TclGenericCopyCommand.cpp">
      <Filter>generic</Filter>
    </ClCompile>
    <ClCompile Include="..\..\..\SRC\element\twoNodeLink\TclTwoNodeLinkCommand.cpp">
      <Filter>twoNodeLink</Filter>
    </ClCompile>
    <ClCompile Include="..\..\..\SRC\element\twoNodeLink\TwoNodeLink.cpp">
      <Filter>twoNodeLink</Filter>
    </ClCompile>
    <ClCompile Include="..\..\..\SRC\element\adapter\Actuator.cpp">
      <Filter>adapter</Filter>
    </ClCompile>
    <ClCompile Include="..\..\..\SRC\element\adapter\ActuatorCorot.cpp">
      <Filter>adapter</Filter>
    </ClCompile>
    <ClCompile Include="..\..\..\SRC\element\adapter\Adapter.cpp">
      <Filter>adapter</Filter>
    </ClCompile>
    <ClCompile Include="..\..\..\SRC\element\adapter\TclActuatorCommand.cpp">
      <Filter>adapter</Filter>
    </ClCompile>
    <ClCompile Include="..\..\..\SRC\element\adapter\TclActuatorCorotCommand.cpp">
      <Filter>adapter</Filter>
    </ClCompile>
    <ClCompile Include="..\..\..\SRC\element\adapter\TclAdapterCommand.cpp">
      <Filter>adapter</Filter>
    </ClCompile>
    <ClCompile Include="..\..\..\SRC\element\elastomericBearing\ElastomericBearingBoucWen2d.cpp">
      <Filter>elastomericBearing</Filter>
    </ClCompile>
    <ClCompile Include="..\..\..\SRC\element\elastomericBearing\ElastomericBearingBoucWen3d.cpp">
      <Filter>elastomericBearing</Filter>
    </ClCompile>
    <ClCompile Include="..\..\..\SRC\element\elastomericBearing\ElastomericBearingPlasticity2d.cpp">
      <Filter>elastomericBearing</Filter>
    </ClCompile>
    <ClCompile Include="..\..\..\SRC\element\elastomericBearing\ElastomericBearingPlasticity3d.cpp">
      <Filter>elastomericBearing</Filter>
    </ClCompile>
    <ClCompile Include="..\..\..\SRC\element\elastomericBearing\ElastomericBearingUFRP2d.cpp">
      <Filter>elastomericBearing</Filter>
    </ClCompile>
    <ClCompile Include="..\..\..\SRC\element\elastomericBearing\ElastomericX.cpp">
      <Filter>elastomericBearing</Filter>
    </ClCompile>
    <ClCompile Include="..\..\..\SRC\element\elastomericBearing\HDR.cpp">
      <Filter>elastomericBearing</Filter>
    </ClCompile>
    <ClCompile Include="..\..\..\SRC\element\elastomericBearing\LeadRubberX.cpp">
      <Filter>elastomericBearing</Filter>
    </ClCompile>
    <ClCompile Include="..\..\..\SRC\element\elastomericBearing\TclElastomericBearingBoucWenCommand.cpp">
      <Filter>elastomericBearing</Filter>
    </ClCompile>
    <ClCompile Include="..\..\..\SRC\element\elastomericBearing\TclElastomericBearingPlasticityCommand.cpp">
      <Filter>elastomericBearing</Filter>
    </ClCompile>
    <ClCompile Include="..\..\..\SRC\element\elastomericBearing\TclElastomericBearingUFRPCommand.cpp">
      <Filter>elastomericBearing</Filter>
    </ClCompile>
    <ClCompile Include="..\..\..\SRC\element\frictionBearing\FPBearingPTV.cpp">
      <Filter>frictionBearing</Filter>
    </ClCompile>
    <ClCompile Include="..\..\..\SRC\element\frictionBearing\FlatSliderSimple2d.cpp">
      <Filter>frictionBearing</Filter>
    </ClCompile>
    <ClCompile Include="..\..\..\SRC\element\frictionBearing\FlatSliderSimple3d.cpp">
      <Filter>frictionBearing</Filter>
    </ClCompile>
    <ClCompile Include="..\..\..\SRC\element\frictionBearing\MultiFP2d.cpp">
      <Filter>frictionBearing</Filter>
    </ClCompile>
    <ClCompile Include="..\..\..\SRC\element\frictionBearing\RJWatsonEQS2d.cpp">
      <Filter>frictionBearing</Filter>
    </ClCompile>
    <ClCompile Include="..\..\..\SRC\element\frictionBearing\RJWatsonEQS3d.cpp">
      <Filter>frictionBearing</Filter>
    </ClCompile>
    <ClCompile Include="..\..\..\SRC\element\frictionBearing\SingleFPSimple2d.cpp">
      <Filter>frictionBearing</Filter>
    </ClCompile>
    <ClCompile Include="..\..\..\SRC\element\frictionBearing\SingleFPSimple3d.cpp">
      <Filter>frictionBearing</Filter>
    </ClCompile>
    <ClCompile Include="..\..\..\SRC\element\frictionBearing\TFP_Bearing.cpp">
      <Filter>frictionBearing</Filter>
    </ClCompile>
    <ClCompile Include="..\..\..\SRC\element\frictionBearing\TFP_Bearing2d.cpp">
      <Filter>frictionBearing</Filter>
    </ClCompile>
    <ClCompile Include="..\..\..\SRC\element\frictionBearing\TPB1D.cpp">
      <Filter>frictionBearing</Filter>
    </ClCompile>
    <ClCompile Include="..\..\..\SRC\element\frictionBearing\TclFlatSliderCommand.cpp">
      <Filter>frictionBearing</Filter>
    </ClCompile>
    <ClCompile Include="..\..\..\SRC\element\frictionBearing\TclRJWatsonEQSCommand.cpp">
      <Filter>frictionBearing</Filter>
    </ClCompile>
    <ClCompile Include="..\..\..\SRC\element\frictionBearing\TclSingleFPCommand.cpp">
      <Filter>frictionBearing</Filter>
    </ClCompile>
    <ClCompile Include="..\..\..\SRC\element\frictionBearing\TripleFrictionPendulum.cpp">
      <Filter>frictionBearing</Filter>
    </ClCompile>
    <ClCompile Include="..\..\..\SRC\element\frictionBearing\frictionModel\Coulomb.cpp">
      <Filter>frictionBearing\frictionModel</Filter>
    </ClCompile>
    <ClCompile Include="..\..\..\SRC\element\frictionBearing\frictionModel\FrictionModel.cpp">
      <Filter>frictionBearing\frictionModel</Filter>
    </ClCompile>
    <ClCompile Include="..\..\..\SRC\element\frictionBearing\frictionModel\FrictionResponse.cpp">
      <Filter>frictionBearing\frictionModel</Filter>
    </ClCompile>
    <ClCompile Include="..\..\..\SRC\element\frictionBearing\frictionModel\TclModelBuilderFrictionModelCommand.cpp">
      <Filter>frictionBearing\frictionModel</Filter>
    </ClCompile>
    <ClCompile Include="..\..\..\SRC\element\frictionBearing\frictionModel\VelDepMultiLinear.cpp">
      <Filter>frictionBearing\frictionModel</Filter>
    </ClCompile>
    <ClCompile Include="..\..\..\SRC\element\frictionBearing\frictionModel\VelDependent.cpp">
      <Filter>frictionBearing\frictionModel</Filter>
    </ClCompile>
    <ClCompile Include="..\..\..\SRC\element\frictionBearing\frictionModel\VelNormalFrcDep.cpp">
      <Filter>frictionBearing\frictionModel</Filter>
    </ClCompile>
    <ClCompile Include="..\..\..\SRC\element\frictionBearing\frictionModel\VelPressureDep.cpp">
      <Filter>frictionBearing\frictionModel</Filter>
    </ClCompile>
    <ClCompile Include="..\..\..\SRC\element\pyMacro\PY_Macro2D.cpp">
      <Filter>pyMacro</Filter>
    </ClCompile>
    <ClCompile Include="..\..\..\SRC\element\surfaceLoad\SurfaceLoad.cpp">
      <Filter>surfaceLoad</Filter>
    </ClCompile>
    <ClCompile Include="..\..\..\SRC\element\UWelements\BeamContact2D.cpp">
      <Filter>UWelements</Filter>
    </ClCompile>
    <ClCompile Include="..\..\..\SRC\element\UWelements\BeamContact2Dp.cpp">
      <Filter>UWelements</Filter>
    </ClCompile>
    <ClCompile Include="..\..\..\SRC\element\UWelements\BeamContact3D.cpp">
      <Filter>UWelements</Filter>
    </ClCompile>
    <ClCompile Include="..\..\..\SRC\element\UWelements\BeamContact3Dp.cpp">
      <Filter>UWelements</Filter>
    </ClCompile>
    <ClCompile Include="..\..\..\SRC\element\UWelements\BeamEndContact3D.cpp">
      <Filter>UWelements</Filter>
    </ClCompile>
    <ClCompile Include="..\..\..\SRC\element\UWelements\BeamEndContact3Dp.cpp">
      <Filter>UWelements</Filter>
    </ClCompile>
    <ClCompile Include="..\..\..\SRC\element\UWelements\Brick8FiberOverlay.cpp">
      <Filter>UWelements</Filter>
    </ClCompile>
    <ClCompile Include="..\..\..\SRC\element\UWelements\PileToe3D.cpp">
      <Filter>UWelements</Filter>
    </ClCompile>
    <ClCompile Include="..\..\..\SRC\element\UWelements\Quad4FiberOverlay.cpp">
      <Filter>UWelements</Filter>
    </ClCompile>
    <ClCompile Include="..\..\..\SRC\element\UWelements\SSPbrick.cpp">
      <Filter>UWelements</Filter>
    </ClCompile>
    <ClCompile Include="..\..\..\SRC\element\UWelements\SSPbrickUP.cpp">
      <Filter>UWelements</Filter>
    </ClCompile>
    <ClCompile Include="..\..\..\SRC\element\UWelements\SSPquad.cpp">
      <Filter>UWelements</Filter>
    </ClCompile>
    <ClCompile Include="..\..\..\SRC\element\UWelements\SSPquadUP.cpp">
      <Filter>UWelements</Filter>
    </ClCompile>
    <ClCompile Include="..\..\..\SRC\element\UWelements\SimpleContact2D.cpp">
      <Filter>UWelements</Filter>
    </ClCompile>
    <ClCompile Include="..\..\..\SRC\element\UWelements\SimpleContact3D.cpp">
      <Filter>UWelements</Filter>
    </ClCompile>
    <ClCompile Include="..\..\..\SRC\element\triangle\Tri31.cpp">
      <Filter>triangle</Filter>
    </ClCompile>
    <ClCompile Include="..\..\..\SRC\element\shell\R3vectors.cpp">
      <Filter>shell</Filter>
    </ClCompile>
    <ClCompile Include="..\..\..\SRC\element\shell\ShellDKGQ.cpp">
      <Filter>shell</Filter>
    </ClCompile>
    <ClCompile Include="..\..\..\SRC\element\shell\ShellMITC4.cpp">
      <Filter>shell</Filter>
    </ClCompile>
    <ClCompile Include="..\..\..\SRC\element\shell\ShellNLDKGQ.cpp">
      <Filter>shell</Filter>
    </ClCompile>
    <ClCompile Include="..\..\..\SRC\element\HUelements\DBESI0.C">
      <Filter>HUelements</Filter>
    </ClCompile>
    <ClCompile Include="..\..\..\SRC\element\HUelements\DBESI1.C">
      <Filter>HUelements</Filter>
    </ClCompile>
    <ClCompile Include="..\..\..\SRC\element\HUelements\KikuchiBearing.cpp">
      <Filter>HUelements</Filter>
    </ClCompile>
    <ClCompile Include="..\..\..\SRC\element\HUelements\MultipleNormalSpring.cpp">
      <Filter>HUelements</Filter>
    </ClCompile>
    <ClCompile Include="..\..\..\SRC\element\HUelements\MultipleShearSpring.cpp">
      <Filter>HUelements</Filter>
    </ClCompile>
    <ClCompile Include="..\..\..\SRC\element\HUelements\YamamotoBiaxialHDR.cpp">
      <Filter>HUelements</Filter>
    </ClCompile>
    <ClCompile Include="..\..\..\SRC\element\XMUelements\AC3D8HexWithSensitivity.cpp">
      <Filter>XMUelements</Filter>
    </ClCompile>
    <ClCompile Include="..\..\..\SRC\element\XMUelements\ASI3D8QuadWithSensitivity.cpp">
      <Filter>XMUelements</Filter>
    </ClCompile>
    <ClCompile Include="..\..\..\SRC\element\XMUelements\AV3D4QuadWithSensitivity.cpp">
      <Filter>XMUelements</Filter>
    </ClCompile>
    <ClCompile Include="..\..\..\SRC\element\XMUelements\VS3D4QuadWithSensitivity.cpp">
      <Filter>XMUelements</Filter>
    </ClCompile>
    <ClCompile Include="..\..\..\SRC\element\NewElement.cpp">
      <Filter>Source Files</Filter>
    </ClCompile>
    <ClCompile Include="..\..\..\SRC\element\UWelements\QuadBeamEmbedContact.cpp">
      <Filter>UWelements</Filter>
    </ClCompile>
    <ClCompile Include="..\..\..\SRC\element\mvlem\MVLEM.cpp">
      <Filter>mvlem</Filter>
    </ClCompile>
    <ClCompile Include="..\..\..\SRC\element\mvlem\SFI_MVLEM.cpp">
      <Filter>mvlem</Filter>
    </ClCompile>
    <ClCompile Include="..\..\..\SRC\element\componentElement\ComponentElement2d.cpp">
      <Filter>componentElement</Filter>
    </ClCompile>
    <ClCompile Include="..\..\..\SRC\element\shell\ShellMITC9.cpp">
      <Filter>shell</Filter>
    </ClCompile>
    <ClCompile Include="..\..\..\SRC\element\elastomericBearing\ElastomericBearingBoucWenMod3d.cpp">
      <Filter>elastomericBearing</Filter>
    </ClCompile>
    <ClCompile Include="..\..\..\SRC\coordTransformation\CorotCrdTransfWarping2d.cpp">
      <Filter>crdTransf</Filter>
    </ClCompile>
    <ClCompile Include="..\..\..\SRC\element\forceBeamColumn\ElasticForceBeamColumnWarping2d.cpp">
      <Filter>forceBeamColumn</Filter>
    </ClCompile>
    <ClCompile Include="..\..\..\SRC\element\forceBeamColumn\ForceBeamColumnWarping2d.cpp">
      <Filter>forceBeamColumn</Filter>
    </ClCompile>
    <ClCompile Include="..\..\..\OTHER\Triangle\triangle.c">
      <Filter>pfem</Filter>
    </ClCompile>
    <ClCompile Include="..\..\..\SRC\element\catenaryCable\CatenaryCable.cpp">
      <Filter>catenaryCable</Filter>
    </ClCompile>
    <ClCompile Include="..\..\..\SRC\element\shell\ShellDKGT.cpp">
      <Filter>shell</Filter>
    </ClCompile>
    <ClCompile Include="..\..\..\SRC\element\shell\ShellNLDKGT.cpp">
      <Filter>shell</Filter>
    </ClCompile>
    <ClCompile Include="..\..\..\SRC\element\dispBeamColumn\DispBeamColumn2dThermal.cpp">
      <Filter>dispBeamColumn</Filter>
    </ClCompile>
    <ClCompile Include="..\..\..\SRC\element\dispBeamColumn\DispBeamColumn3dThermal.cpp">
      <Filter>dispBeamColumn</Filter>
    </ClCompile>
    <ClCompile Include="..\..\..\SRC\element\forceBeamColumn\ForceBeamColumn2dThermal.cpp">
      <Filter>forceBeamColumn</Filter>
    </ClCompile>
    <ClCompile Include="..\..\..\SRC\element\shell\ShellMITC4Thermal.cpp">
      <Filter>shell</Filter>
    </ClCompile>
    <ClCompile Include="..\..\..\SRC\element\shell\ShellNLDKGQThermal.cpp">
      <Filter>shell</Filter>
    </ClCompile>
    <ClCompile Include="..\..\..\SRC\element\shell\ShellANDeS.cpp">
      <Filter>shell</Filter>
    </ClCompile>
    <ClCompile Include="..\..\..\SRC\element\dispBeamColumn\AxEqDispBeamColumn2d.cpp">
      <Filter>dispBeamColumn</Filter>
    </ClCompile>
    <ClCompile Include="..\..\..\SRC\element\surfaceLoad\TriSurfaceLoad.cpp">
      <Filter>surfaceLoad</Filter>
    </ClCompile>
    <ClCompile Include="..\..\..\SRC\element\tetrahedron\FourNodeTetrahedron.cpp">
      <Filter>tetrahedron</Filter>
    </ClCompile>
    <ClCompile Include="..\..\..\SRC\element\PFEMElement\BackgroundDef.cpp">
      <Filter>pfem</Filter>
    </ClCompile>
    <ClCompile Include="..\..\..\SRC\element\PFEMElement\BackgroundMesh.cpp">
      <Filter>pfem</Filter>
    </ClCompile>
    <ClCompile Include="..\..\..\SRC\element\PFEMElement\HigherOrder.cpp">
      <Filter>pfem</Filter>
    </ClCompile>
    <ClCompile Include="..\..\..\SRC\element\PFEMElement\LineMesh.cpp">
      <Filter>pfem</Filter>
    </ClCompile>
    <ClCompile Include="..\..\..\SRC\element\PFEMElement\LineMeshGenerator.cpp">
      <Filter>pfem</Filter>
    </ClCompile>
    <ClCompile Include="..\..\..\SRC\element\PFEMElement\Mesh.cpp">
      <Filter>pfem</Filter>
    </ClCompile>
    <ClCompile Include="..\..\..\SRC\element\PFEMElement\MINI.cpp">
      <Filter>pfem</Filter>
    </ClCompile>
    <ClCompile Include="..\..\..\SRC\element\PFEMElement\Particle.cpp">
      <Filter>pfem</Filter>
    </ClCompile>
    <ClCompile Include="..\..\..\SRC\element\PFEMElement\ParticleGroup.cpp">
      <Filter>pfem</Filter>
    </ClCompile>
    <ClCompile Include="..\..\..\SRC\element\PFEMElement\PFEMElement2D.cpp">
      <Filter>pfem</Filter>
    </ClCompile>
    <ClCompile Include="..\..\..\SRC\element\PFEMElement\PFEMElement2DBubble.cpp">
      <Filter>pfem</Filter>
    </ClCompile>
    <ClCompile Include="..\..\..\SRC\element\PFEMElement\PFEMElement2DCompressible.cpp">
      <Filter>pfem</Filter>
    </ClCompile>
    <ClCompile Include="..\..\..\SRC\element\PFEMElement\PFEMElement2DFIC.cpp">
      <Filter>pfem</Filter>
    </ClCompile>
    <ClCompile Include="..\..\..\SRC\element\PFEMElement\PFEMElement2Dmini.cpp">
      <Filter>pfem</Filter>
    </ClCompile>
    <ClCompile Include="..\..\..\SRC\element\PFEMElement\PFEMElement2DQuasi.cpp">
      <Filter>pfem</Filter>
    </ClCompile>
    <ClCompile Include="..\..\..\SRC\element\PFEMElement\PFEMElement3D.cpp">
      <Filter>pfem</Filter>
    </ClCompile>
    <ClCompile Include="..\..\..\SRC\element\PFEMElement\PFEMElement3DBubble.cpp">
      <Filter>pfem</Filter>
    </ClCompile>
    <ClCompile Include="..\..\..\SRC\element\PFEMElement\QuadMesh.cpp">
      <Filter>pfem</Filter>
    </ClCompile>
    <ClCompile Include="..\..\..\SRC\element\PFEMElement\QuadMeshGenerator.cpp">
      <Filter>pfem</Filter>
    </ClCompile>
    <ClCompile Include="..\..\..\SRC\element\PFEMElement\TaylorHood2D.cpp">
      <Filter>pfem</Filter>
    </ClCompile>
    <ClCompile Include="..\..\..\SRC\element\PFEMElement\TclModelBuilder_addPFEMElement.cpp">
      <Filter>pfem</Filter>
    </ClCompile>
    <ClCompile Include="..\..\..\SRC\element\PFEMElement\TetMesh.cpp">
      <Filter>pfem</Filter>
    </ClCompile>
    <ClCompile Include="..\..\..\SRC\element\PFEMElement\TetMeshGenerator.cpp">
      <Filter>pfem</Filter>
    </ClCompile>
    <ClCompile Include="..\..\..\SRC\element\PFEMElement\TriangleMeshGenerator.cpp">
      <Filter>pfem</Filter>
    </ClCompile>
    <ClCompile Include="..\..\..\SRC\element\PFEMElement\TriGaussPoints.cpp">
      <Filter>pfem</Filter>
    </ClCompile>
    <ClCompile Include="..\..\..\SRC\element\PFEMElement\TriMesh.cpp">
      <Filter>pfem</Filter>
    </ClCompile>
    <ClCompile Include="..\..\..\OTHER\tetgen1.4.3\predicates.cxx">
      <Filter>pfem</Filter>
    </ClCompile>
    <ClCompile Include="..\..\..\OTHER\tetgen1.4.3\tetgen.cxx">
      <Filter>pfem</Filter>
    </ClCompile>
    <ClCompile Include="..\..\..\SRC\element\absorbentBoundaries\LysmerTriangle.cpp">
      <Filter>absorbentBoundaries</Filter>
    </ClCompile>
    <ClCompile Include="..\..\..\SRC\element\UWelements\EmbeddedBeamInterfaceL.cpp">
      <Filter>UWelements</Filter>
    </ClCompile>
    <ClCompile Include="..\..\..\SRC\element\UWelements\EmbeddedBeamInterfaceP.cpp">
      <Filter>UWelements</Filter>
    </ClCompile>
    <ClCompile Include="..\..\..\SRC\element\UWelements\EmbeddedEPBeamInterface.cpp">
      <Filter>UWelements</Filter>
    </ClCompile>
    <ClCompile Include="..\..\..\SRC\element\UWelements\Tcl_generateInterfacePoints.cpp">
      <Filter>UWelements</Filter>
    </ClCompile>
    <ClCompile Include="..\..\..\SRC\element\dispBeamColumn\DispBeamColumnNL2d.cpp">
      <Filter>dispBeamColumn</Filter>
    </ClCompile>
    <ClCompile Include="..\..\..\SRC\element\elasticBeamColumn\WheelRail.cpp">
      <Filter>elasticBeamColumn</Filter>
    </ClCompile>
  </ItemGroup>
  <ItemGroup>
    <ClInclude Include="..\..\..\SRC\element\Element.h">
      <Filter>Header Files</Filter>
    </ClInclude>
    <ClInclude Include="..\..\..\SRC\element\ElementalLoad.h">
      <Filter>Header Files</Filter>
    </ClInclude>
    <ClInclude Include="..\..\..\SRC\element\Information.h">
      <Filter>Header Files</Filter>
    </ClInclude>
    <ClInclude Include="..\..\..\SRC\element\WrapperElement.h">
      <Filter>Header Files</Filter>
    </ClInclude>
    <ClInclude Include="..\..\..\SRC\api\elementAPI.h">
      <Filter>Header Files</Filter>
    </ClInclude>
    <ClInclude Include="..\..\..\SRC\element\truss\CorotTruss.h">
      <Filter>truss</Filter>
    </ClInclude>
    <ClInclude Include="..\..\..\SRC\element\truss\CorotTruss2.h">
      <Filter>truss</Filter>
    </ClInclude>
    <ClInclude Include="..\..\..\Src\element\truss\CorotTrussSection.h">
      <Filter>truss</Filter>
    </ClInclude>
    <ClInclude Include="..\..\..\SRC\element\truss\N4BiaxialTruss.h">
      <Filter>truss</Filter>
    </ClInclude>
    <ClInclude Include="..\..\..\SRC\element\truss\Truss.h">
      <Filter>truss</Filter>
    </ClInclude>
    <ClInclude Include="..\..\..\SRC\element\truss\Truss2.h">
      <Filter>truss</Filter>
    </ClInclude>
    <ClInclude Include="..\..\..\SRC\element\truss\TrussSection.h">
      <Filter>truss</Filter>
    </ClInclude>
    <ClInclude Include="..\..\..\SRC\element\feap\fElement.h">
      <Filter>feap</Filter>
    </ClInclude>
    <ClInclude Include="..\..\..\SRC\element\feap\fElmt02.h">
      <Filter>feap</Filter>
    </ClInclude>
    <ClInclude Include="..\..\..\SRC\element\zeroLength\CoupledZeroLength.h">
      <Filter>zeroLength</Filter>
    </ClInclude>
    <ClInclude Include="..\..\..\SRC\element\zeroLength\ZeroLength.h">
      <Filter>zeroLength</Filter>
    </ClInclude>
    <ClInclude Include="..\..\..\SRC\element\zeroLength\ZeroLengthContact2D.h">
      <Filter>zeroLength</Filter>
    </ClInclude>
    <ClInclude Include="..\..\..\SRC\element\zeroLength\ZeroLengthContact3D.h">
      <Filter>zeroLength</Filter>
    </ClInclude>
    <ClInclude Include="..\..\..\SRC\element\zeroLength\ZeroLengthContactNTS2D.h">
      <Filter>zeroLength</Filter>
    </ClInclude>
    <ClInclude Include="..\..\..\SRC\element\zeroLength\ZeroLengthImpact3D.h">
      <Filter>zeroLength</Filter>
    </ClInclude>
    <ClInclude Include="..\..\..\SRC\element\zeroLength\ZeroLengthInterface2D.h">
      <Filter>zeroLength</Filter>
    </ClInclude>
    <ClInclude Include="..\..\..\SRC\element\zeroLength\ZeroLengthND.h">
      <Filter>zeroLength</Filter>
    </ClInclude>
    <ClInclude Include="..\..\..\SRC\element\zeroLength\ZeroLengthRocking.h">
      <Filter>zeroLength</Filter>
    </ClInclude>
    <ClInclude Include="..\..\..\SRC\element\zeroLength\ZeroLengthSection.h">
      <Filter>zeroLength</Filter>
    </ClInclude>
    <ClInclude Include="..\..\..\SRC\coordTransformation\CorotCrdTransf2d.h">
      <Filter>crdTransf</Filter>
    </ClInclude>
    <ClInclude Include="..\..\..\SRC\coordTransformation\CorotCrdTransf3d.h">
      <Filter>crdTransf</Filter>
    </ClInclude>
    <ClInclude Include="..\..\..\SRC\coordTransformation\CrdTransf.h">
      <Filter>crdTransf</Filter>
    </ClInclude>
    <ClInclude Include="..\..\..\SRC\coordTransformation\LinearCrdTransf2d.h">
      <Filter>crdTransf</Filter>
    </ClInclude>
    <ClInclude Include="..\..\..\SRC\coordTransformation\LinearCrdTransf3d.h">
      <Filter>crdTransf</Filter>
    </ClInclude>
    <ClInclude Include="..\..\..\SRC\coordTransformation\PDeltaCrdTransf2d.h">
      <Filter>crdTransf</Filter>
    </ClInclude>
    <ClInclude Include="..\..\..\SRC\coordTransformation\PDeltaCrdTransf3d.h">
      <Filter>crdTransf</Filter>
    </ClInclude>
    <ClInclude Include="..\..\..\SRC\element\fourNodeQuad\ConstantPressureVolumeQuad.h">
      <Filter>quad</Filter>
    </ClInclude>
    <ClInclude Include="..\..\..\SRC\element\fourNodeQuad\EnhancedQuad.h">
      <Filter>quad</Filter>
    </ClInclude>
    <ClInclude Include="..\..\..\SRC\element\fourNodeQuad\FourNodeQuad.h">
      <Filter>quad</Filter>
    </ClInclude>
    <ClInclude Include="..\..\..\SRC\element\fourNodeQuad\FourNodeQuad3d.h">
      <Filter>quad</Filter>
    </ClInclude>
    <ClInclude Include="..\..\..\SRC\element\fourNodeQuad\FourNodeQuadWithSensitivity.h">
      <Filter>quad</Filter>
    </ClInclude>
    <ClInclude Include="..\..\..\SRC\element\fourNodeQuad\NineNodeMixedQuad.h">
      <Filter>quad</Filter>
    </ClInclude>
    <ClInclude Include="..\..\..\SRC\element\elasticBeamColumn\ElasticBeam2d.h">
      <Filter>elasticBeamColumn</Filter>
    </ClInclude>
    <ClInclude Include="..\..\..\SRC\element\elasticBeamColumn\ElasticBeam3d.h">
      <Filter>elasticBeamColumn</Filter>
    </ClInclude>
    <ClInclude Include="..\..\..\SRC\element\elasticBeamColumn\ElasticTimoshenkoBeam2d.h">
      <Filter>elasticBeamColumn</Filter>
    </ClInclude>
    <ClInclude Include="..\..\..\SRC\element\elasticBeamColumn\ElasticTimoshenkoBeam3d.h">
      <Filter>elasticBeamColumn</Filter>
    </ClInclude>
    <ClInclude Include="..\..\..\SRC\element\elasticBeamColumn\ModElasticBeam2d.h">
      <Filter>elasticBeamColumn</Filter>
    </ClInclude>
    <ClInclude Include="..\..\..\SRC\element\brick\BbarBrick.h">
      <Filter>brick</Filter>
    </ClInclude>
    <ClInclude Include="..\..\..\SRC\element\brick\BbarBrickWithSensitivity.h">
      <Filter>brick</Filter>
    </ClInclude>
    <ClInclude Include="..\..\..\SRC\element\brick\Brick.h">
      <Filter>brick</Filter>
    </ClInclude>
    <ClInclude Include="..\..\..\SRC\element\brick\Twenty_Node_Brick.h">
      <Filter>brick</Filter>
    </ClInclude>
    <ClInclude Include="..\..\..\SRC\element\dispBeamColumn\DispBeamColumn2d.h">
      <Filter>dispBeamColumn</Filter>
    </ClInclude>
    <ClInclude Include="..\..\..\SRC\element\dispBeamColumn\DispBeamColumn3d.h">
      <Filter>dispBeamColumn</Filter>
    </ClInclude>
    <ClInclude Include="..\..\..\SRC\element\joint\BeamColumnJoint2d.h">
      <Filter>joint</Filter>
    </ClInclude>
    <ClInclude Include="..\..\..\SRC\element\joint\BeamColumnJoint3d.h">
      <Filter>joint</Filter>
    </ClInclude>
    <ClInclude Include="..\..\..\SRC\element\joint\ElasticTubularJoint.h">
      <Filter>joint</Filter>
    </ClInclude>
    <ClInclude Include="..\..\..\Src\element\joint\Joint2D.h">
      <Filter>joint</Filter>
    </ClInclude>
    <ClInclude Include="..\..\..\SRC\element\joint\Joint3D.h">
      <Filter>joint</Filter>
    </ClInclude>
    <ClInclude Include="..\..\..\Src\element\joint\MP_Joint2D.h">
      <Filter>joint</Filter>
    </ClInclude>
    <ClInclude Include="..\..\..\SRC\element\joint\MP_Joint3D.h">
      <Filter>joint</Filter>
    </ClInclude>
    <ClInclude Include="..\..\..\SRC\element\updatedLagrangianBeamColumn\BilinearCyclic.h">
      <Filter>ulBeamColumn</Filter>
    </ClInclude>
    <ClInclude Include="..\..\..\SRC\element\updatedLagrangianBeamColumn\CyclicModel.h">
      <Filter>ulBeamColumn</Filter>
    </ClInclude>
    <ClInclude Include="..\..\..\SRC\element\updatedLagrangianBeamColumn\Elastic2DGNL.h">
      <Filter>ulBeamColumn</Filter>
    </ClInclude>
    <ClInclude Include="..\..\..\SRC\element\updatedLagrangianBeamColumn\Inelastic2DYS01.h">
      <Filter>ulBeamColumn</Filter>
    </ClInclude>
    <ClInclude Include="..\..\..\SRC\element\updatedLagrangianBeamColumn\Inelastic2DYS02.h">
      <Filter>ulBeamColumn</Filter>
    </ClInclude>
    <ClInclude Include="..\..\..\SRC\element\updatedLagrangianBeamColumn\Inelastic2DYS03.h">
      <Filter>ulBeamColumn</Filter>
    </ClInclude>
    <ClInclude Include="..\..\..\SRC\element\updatedLagrangianBeamColumn\InelasticYS2DGNL.h">
      <Filter>ulBeamColumn</Filter>
    </ClInclude>
    <ClInclude Include="..\..\..\SRC\element\updatedLagrangianBeamColumn\LinearCyclic.h">
      <Filter>ulBeamColumn</Filter>
    </ClInclude>
    <ClInclude Include="..\..\..\SRC\element\updatedLagrangianBeamColumn\QuadraticCyclic.h">
      <Filter>ulBeamColumn</Filter>
    </ClInclude>
    <ClInclude Include="..\..\..\SRC\element\updatedLagrangianBeamColumn\UpdatedLagrangianBeam2D.h">
      <Filter>ulBeamColumn</Filter>
    </ClInclude>
    <ClInclude Include="..\..\..\SRC\element\forceBeamColumn\ElasticForceBeamColumn2d.h">
      <Filter>forceBeamColumn</Filter>
    </ClInclude>
    <ClInclude Include="..\..\..\SRC\element\forceBeamColumn\ElasticForceBeamColumn3d.h">
      <Filter>forceBeamColumn</Filter>
    </ClInclude>
    <ClInclude Include="..\..\..\SRC\element\forceBeamColumn\ForceBeamColumn2d.h">
      <Filter>forceBeamColumn</Filter>
    </ClInclude>
    <ClInclude Include="..\..\..\SRC\element\forceBeamColumn\ForceBeamColumn3d.h">
      <Filter>forceBeamColumn</Filter>
    </ClInclude>
    <ClInclude Include="..\..\..\SRC\element\forceBeamColumn\ForceBeamColumnCBDI2d.h">
      <Filter>forceBeamColumn</Filter>
    </ClInclude>
    <ClInclude Include="..\..\..\SRC\element\forceBeamColumn\BeamIntegration.h">
      <Filter>forceBeamColumn\beamIntegration</Filter>
    </ClInclude>
    <ClInclude Include="..\..\..\SRC\element\forceBeamColumn\CompositeSimpsonBeamIntegration.h">
      <Filter>forceBeamColumn\beamIntegration</Filter>
    </ClInclude>
    <ClInclude Include="..\..\..\SRC\element\forceBeamColumn\DistHingeIntegration.h">
      <Filter>forceBeamColumn\beamIntegration</Filter>
    </ClInclude>
    <ClInclude Include="..\..\..\SRC\element\forceBeamColumn\FixedLocationBeamIntegration.h">
      <Filter>forceBeamColumn\beamIntegration</Filter>
    </ClInclude>
    <ClInclude Include="..\..\..\SRC\element\forceBeamColumn\HingeEndpointBeamIntegration.h">
      <Filter>forceBeamColumn\beamIntegration</Filter>
    </ClInclude>
    <ClInclude Include="..\..\..\SRC\element\forceBeamColumn\HingeMidpointBeamIntegration.h">
      <Filter>forceBeamColumn\beamIntegration</Filter>
    </ClInclude>
    <ClInclude Include="..\..\..\SRC\element\forceBeamColumn\HingeRadauBeamIntegration.h">
      <Filter>forceBeamColumn\beamIntegration</Filter>
    </ClInclude>
    <ClInclude Include="..\..\..\SRC\element\forceBeamColumn\HingeRadauTwoBeamIntegration.h">
      <Filter>forceBeamColumn\beamIntegration</Filter>
    </ClInclude>
    <ClInclude Include="..\..\..\SRC\element\forceBeamColumn\LegendreBeamIntegration.h">
      <Filter>forceBeamColumn\beamIntegration</Filter>
    </ClInclude>
    <ClInclude Include="..\..\..\SRC\element\forceBeamColumn\LobattoBeamIntegration.h">
      <Filter>forceBeamColumn\beamIntegration</Filter>
    </ClInclude>
    <ClInclude Include="..\..\..\SRC\element\forceBeamColumn\LowOrderBeamIntegration.h">
      <Filter>forceBeamColumn\beamIntegration</Filter>
    </ClInclude>
    <ClInclude Include="..\..\..\SRC\element\forceBeamColumn\MidDistanceBeamIntegration.h">
      <Filter>forceBeamColumn\beamIntegration</Filter>
    </ClInclude>
    <ClInclude Include="..\..\..\SRC\element\forceBeamColumn\NewtonCotesBeamIntegration.h">
      <Filter>forceBeamColumn\beamIntegration</Filter>
    </ClInclude>
    <ClInclude Include="..\..\..\SRC\element\forceBeamColumn\RadauBeamIntegration.h">
      <Filter>forceBeamColumn\beamIntegration</Filter>
    </ClInclude>
    <ClInclude Include="..\..\..\SRC\element\forceBeamColumn\RegularizedHingeIntegration.h">
      <Filter>forceBeamColumn\beamIntegration</Filter>
    </ClInclude>
    <ClInclude Include="..\..\..\SRC\element\forceBeamColumn\TrapezoidalBeamIntegration.h">
      <Filter>forceBeamColumn\beamIntegration</Filter>
    </ClInclude>
    <ClInclude Include="..\..\..\SRC\element\forceBeamColumn\UserDefinedBeamIntegration.h">
      <Filter>forceBeamColumn\beamIntegration</Filter>
    </ClInclude>
    <ClInclude Include="..\..\..\SRC\element\forceBeamColumn\UserDefinedHingeIntegration.h">
      <Filter>forceBeamColumn\beamIntegration</Filter>
    </ClInclude>
    <ClInclude Include="..\..\..\SRC\element\nonlinearBeamColumn\matrixutil\MatrixUtil.h">
      <Filter>nonlinearBeamColumn\matrixutil</Filter>
    </ClInclude>
    <ClInclude Include="..\..\..\SRC\element\UP-ucsd\BBarBrickUP.h">
      <Filter>up</Filter>
    </ClInclude>
    <ClInclude Include="..\..\..\SRC\element\UP-ucsd\BBarFourNodeQuadUP.h">
      <Filter>up</Filter>
    </ClInclude>
    <ClInclude Include="..\..\..\SRC\element\UP-ucsd\BrickUP.h">
      <Filter>up</Filter>
    </ClInclude>
    <ClInclude Include="..\..\..\SRC\element\UP-ucsd\FourNodeQuadUP.h">
      <Filter>up</Filter>
    </ClInclude>
    <ClInclude Include="..\..\..\SRC\element\UP-ucsd\Nine_Four_Node_QuadUP.h">
      <Filter>up</Filter>
    </ClInclude>
    <ClInclude Include="..\..\..\SRC\element\UP-ucsd\shp3dv.h">
      <Filter>up</Filter>
    </ClInclude>
    <ClInclude Include="..\..\..\SRC\element\dispBeamColumnInt\DispBeamColumn2dInt.h">
      <Filter>dispBeamColumnInt</Filter>
    </ClInclude>
    <ClInclude Include="..\..\..\SRC\element\dispBeamColumnInt\FiberSection2dInt.h">
      <Filter>dispBeamColumnInt</Filter>
    </ClInclude>
    <ClInclude Include="..\..\..\SRC\element\dispBeamColumnInt\LinearCrdTransf2dInt.h">
      <Filter>dispBeamColumnInt</Filter>
    </ClInclude>
    <ClInclude Include="..\..\..\SRC\element\generic\GenericClient.h">
      <Filter>generic</Filter>
    </ClInclude>
    <ClInclude Include="..\..\..\SRC\element\generic\GenericCopy.h">
      <Filter>generic</Filter>
    </ClInclude>
    <ClInclude Include="..\..\..\SRC\element\twoNodeLink\TwoNodeLink.h">
      <Filter>twoNodeLink</Filter>
    </ClInclude>
    <ClInclude Include="..\..\..\SRC\element\adapter\Actuator.h">
      <Filter>adapter</Filter>
    </ClInclude>
    <ClInclude Include="..\..\..\SRC\element\adapter\ActuatorCorot.h">
      <Filter>adapter</Filter>
    </ClInclude>
    <ClInclude Include="..\..\..\SRC\element\adapter\Adapter.h">
      <Filter>adapter</Filter>
    </ClInclude>
    <ClInclude Include="..\..\..\SRC\element\elastomericBearing\ElastomericBearingBoucWen2d.h">
      <Filter>elastomericBearing</Filter>
    </ClInclude>
    <ClInclude Include="..\..\..\SRC\element\elastomericBearing\ElastomericBearingBoucWen3d.h">
      <Filter>elastomericBearing</Filter>
    </ClInclude>
    <ClInclude Include="..\..\..\SRC\element\elastomericBearing\ElastomericBearingPlasticity2d.h">
      <Filter>elastomericBearing</Filter>
    </ClInclude>
    <ClInclude Include="..\..\..\SRC\element\elastomericBearing\ElastomericBearingPlasticity3d.h">
      <Filter>elastomericBearing</Filter>
    </ClInclude>
    <ClInclude Include="..\..\..\SRC\element\elastomericBearing\ElastomericBearingUFRP2d.h">
      <Filter>elastomericBearing</Filter>
    </ClInclude>
    <ClInclude Include="..\..\..\SRC\element\elastomericBearing\ElastomericX.h">
      <Filter>elastomericBearing</Filter>
    </ClInclude>
    <ClInclude Include="..\..\..\SRC\element\elastomericBearing\HDR.h">
      <Filter>elastomericBearing</Filter>
    </ClInclude>
    <ClInclude Include="..\..\..\SRC\element\elastomericBearing\LeadRubberX.h">
      <Filter>elastomericBearing</Filter>
    </ClInclude>
    <ClInclude Include="..\..\..\SRC\element\frictionBearing\FPBearingPTV.h">
      <Filter>frictionBearing</Filter>
    </ClInclude>
    <ClInclude Include="..\..\..\SRC\element\frictionBearing\FlatSliderSimple2d.h">
      <Filter>frictionBearing</Filter>
    </ClInclude>
    <ClInclude Include="..\..\..\SRC\element\frictionBearing\FlatSliderSimple3d.h">
      <Filter>frictionBearing</Filter>
    </ClInclude>
    <ClInclude Include="..\..\..\SRC\element\frictionBearing\MultiFP2d.h">
      <Filter>frictionBearing</Filter>
    </ClInclude>
    <ClInclude Include="..\..\..\SRC\element\frictionBearing\RJWatsonEQS2d.h">
      <Filter>frictionBearing</Filter>
    </ClInclude>
    <ClInclude Include="..\..\..\SRC\element\frictionBearing\RJWatsonEQS3d.h">
      <Filter>frictionBearing</Filter>
    </ClInclude>
    <ClInclude Include="..\..\..\SRC\element\frictionBearing\SingleFPSimple2d.h">
      <Filter>frictionBearing</Filter>
    </ClInclude>
    <ClInclude Include="..\..\..\SRC\element\frictionBearing\SingleFPSimple3d.h">
      <Filter>frictionBearing</Filter>
    </ClInclude>
    <ClInclude Include="..\..\..\SRC\element\frictionBearing\TFP_Bearing.h">
      <Filter>frictionBearing</Filter>
    </ClInclude>
    <ClInclude Include="..\..\..\SRC\element\frictionBearing\TFP_Bearing2d.h">
      <Filter>frictionBearing</Filter>
    </ClInclude>
    <ClInclude Include="..\..\..\SRC\element\frictionBearing\TPB1D.h">
      <Filter>frictionBearing</Filter>
    </ClInclude>
    <ClInclude Include="..\..\..\SRC\element\frictionBearing\TripleFrictionPendulum.h">
      <Filter>frictionBearing</Filter>
    </ClInclude>
    <ClInclude Include="..\..\..\SRC\element\frictionBearing\frictionModel\Coulomb.h">
      <Filter>frictionBearing\frictionModel</Filter>
    </ClInclude>
    <ClInclude Include="..\..\..\SRC\element\frictionBearing\frictionModel\FrictionModel.h">
      <Filter>frictionBearing\frictionModel</Filter>
    </ClInclude>
    <ClInclude Include="..\..\..\SRC\element\frictionBearing\frictionModel\FrictionResponse.h">
      <Filter>frictionBearing\frictionModel</Filter>
    </ClInclude>
    <ClInclude Include="..\..\..\SRC\element\frictionBearing\frictionModel\VelDepMultiLinear.h">
      <Filter>frictionBearing\frictionModel</Filter>
    </ClInclude>
    <ClInclude Include="..\..\..\SRC\element\frictionBearing\frictionModel\VelDependent.h">
      <Filter>frictionBearing\frictionModel</Filter>
    </ClInclude>
    <ClInclude Include="..\..\..\SRC\element\frictionBearing\frictionModel\VelNormalFrcDep.h">
      <Filter>frictionBearing\frictionModel</Filter>
    </ClInclude>
    <ClInclude Include="..\..\..\SRC\element\frictionBearing\frictionModel\VelPressureDep.h">
      <Filter>frictionBearing\frictionModel</Filter>
    </ClInclude>
    <ClInclude Include="..\..\..\SRC\element\pyMacro\PY_Macro2D.h">
      <Filter>pyMacro</Filter>
    </ClInclude>
    <ClInclude Include="..\..\..\SRC\element\surfaceLoad\SurfaceLoad.h">
      <Filter>surfaceLoad</Filter>
    </ClInclude>
    <ClInclude Include="..\..\..\SRC\element\UWelements\BeamContact2D.h">
      <Filter>UWelements</Filter>
    </ClInclude>
    <ClInclude Include="..\..\..\SRC\element\UWelements\BeamContact2Dp.h">
      <Filter>UWelements</Filter>
    </ClInclude>
    <ClInclude Include="..\..\..\SRC\element\UWelements\BeamContact3D.h">
      <Filter>UWelements</Filter>
    </ClInclude>
    <ClInclude Include="..\..\..\SRC\element\UWelements\BeamContact3Dp.h">
      <Filter>UWelements</Filter>
    </ClInclude>
    <ClInclude Include="..\..\..\SRC\element\UWelements\BeamEndContact3D.h">
      <Filter>UWelements</Filter>
    </ClInclude>
    <ClInclude Include="..\..\..\SRC\element\UWelements\BeamEndContact3Dp.h">
      <Filter>UWelements</Filter>
    </ClInclude>
    <ClInclude Include="..\..\..\SRC\element\UWelements\Brick8FiberOverlay.h">
      <Filter>UWelements</Filter>
    </ClInclude>
    <ClInclude Include="..\..\..\SRC\element\UWelements\PileToe3D.h">
      <Filter>UWelements</Filter>
    </ClInclude>
    <ClInclude Include="..\..\..\SRC\element\UWelements\Quad4FiberOverlay.h">
      <Filter>UWelements</Filter>
    </ClInclude>
    <ClInclude Include="..\..\..\SRC\element\UWelements\SSPbrick.h">
      <Filter>UWelements</Filter>
    </ClInclude>
    <ClInclude Include="..\..\..\SRC\element\UWelements\SSPbrickUP.h">
      <Filter>UWelements</Filter>
    </ClInclude>
    <ClInclude Include="..\..\..\SRC\element\UWelements\SSPquad.h">
      <Filter>UWelements</Filter>
    </ClInclude>
    <ClInclude Include="..\..\..\SRC\element\UWelements\SSPquadUP.h">
      <Filter>UWelements</Filter>
    </ClInclude>
    <ClInclude Include="..\..\..\SRC\element\UWelements\SimpleContact2D.h">
      <Filter>UWelements</Filter>
    </ClInclude>
    <ClInclude Include="..\..\..\SRC\element\UWelements\SimpleContact3D.h">
      <Filter>UWelements</Filter>
    </ClInclude>
    <ClInclude Include="..\..\..\SRC\element\triangle\Tri31.h">
      <Filter>triangle</Filter>
    </ClInclude>
    <ClInclude Include="..\..\..\SRC\element\shell\R3vectors.h">
      <Filter>shell</Filter>
    </ClInclude>
    <ClInclude Include="..\..\..\SRC\element\shell\ShellDKGQ.h">
      <Filter>shell</Filter>
    </ClInclude>
    <ClInclude Include="..\..\..\SRC\element\shell\ShellMITC4.h">
      <Filter>shell</Filter>
    </ClInclude>
    <ClInclude Include="..\..\..\SRC\element\shell\ShellNLDKGQ.h">
      <Filter>shell</Filter>
    </ClInclude>
    <ClInclude Include="..\..\..\SRC\element\HUelements\KikuchiBearing.h">
      <Filter>HUelements</Filter>
    </ClInclude>
    <ClInclude Include="..\..\..\SRC\element\HUelements\MultipleNormalSpring.h">
      <Filter>HUelements</Filter>
    </ClInclude>
    <ClInclude Include="..\..\..\SRC\element\HUelements\MultipleShearSpring.h">
      <Filter>HUelements</Filter>
    </ClInclude>
    <ClInclude Include="..\..\..\SRC\element\HUelements\YamamotoBiaxialHDR.h">
      <Filter>HUelements</Filter>
    </ClInclude>
    <ClInclude Include="..\..\..\SRC\element\XMUelements\AC3D8HexWithSensitivity.h">
      <Filter>XMUelements</Filter>
    </ClInclude>
    <ClInclude Include="..\..\..\SRC\element\XMUelements\ASI3D8QuadWithSensitivity.h">
      <Filter>XMUelements</Filter>
    </ClInclude>
    <ClInclude Include="..\..\..\SRC\element\XMUelements\AV3D4QuadWithSensitivity.h">
      <Filter>XMUelements</Filter>
    </ClInclude>
    <ClInclude Include="..\..\..\SRC\element\XMUelements\VS3D4QuadWithSensitivity.h">
      <Filter>XMUelements</Filter>
    </ClInclude>
    <ClInclude Include="..\..\..\SRC\element\NewElement.h">
      <Filter>Header Files</Filter>
    </ClInclude>
    <ClInclude Include="..\..\..\SRC\element\UWelements\QuadBeamEmbedContact.h">
      <Filter>UWelements</Filter>
    </ClInclude>
    <ClInclude Include="..\..\..\SRC\element\mvlem\MVLEM.h">
      <Filter>mvlem</Filter>
    </ClInclude>
    <ClInclude Include="..\..\..\SRC\element\mvlem\SFI_MVLEM.h">
      <Filter>mvlem</Filter>
    </ClInclude>
    <ClInclude Include="..\..\..\SRC\element\componentElement\ComponentElement2d.h">
      <Filter>componentElement</Filter>
    </ClInclude>
    <ClInclude Include="..\..\..\SRC\element\shell\ShellMITC9.h">
      <Filter>shell</Filter>
    </ClInclude>
    <ClInclude Include="..\..\..\SRC\element\elastomericBearing\ElastomericBearingBoucWenMod3d.h">
      <Filter>elastomericBearing</Filter>
    </ClInclude>
    <ClInclude Include="..\..\..\SRC\coordTransformation\CorotCrdTransfWarping2d.h">
      <Filter>crdTransf</Filter>
    </ClInclude>
    <ClInclude Include="..\..\..\SRC\element\forceBeamColumn\ElasticForceBeamColumnWarping2d.h">
      <Filter>forceBeamColumn</Filter>
    </ClInclude>
    <ClInclude Include="..\..\..\SRC\element\forceBeamColumn\ForceBeamColumnWarping2d.h">
      <Filter>forceBeamColumn</Filter>
    </ClInclude>
    <ClInclude Include="..\..\..\OTHER\Triangle\triangle.h">
      <Filter>pfem</Filter>
    </ClInclude>
    <ClInclude Include="..\..\..\SRC\element\catenaryCable\CatenaryCable.h">
      <Filter>catenaryCable</Filter>
    </ClInclude>
    <ClInclude Include="..\..\..\SRC\element\shell\ShellDKGT.h">
      <Filter>shell</Filter>
    </ClInclude>
    <ClInclude Include="..\..\..\SRC\element\shell\ShellNLDKGT.h">
      <Filter>shell</Filter>
    </ClInclude>
    <ClInclude Include="..\..\..\SRC\element\dispBeamColumn\DispBeamColumn2dThermal.h">
      <Filter>dispBeamColumn</Filter>
    </ClInclude>
    <ClInclude Include="..\..\..\SRC\element\dispBeamColumn\DispBeamColumn2dWithSensitivity.h">
      <Filter>dispBeamColumn</Filter>
    </ClInclude>
    <ClInclude Include="..\..\..\SRC\element\dispBeamColumn\DispBeamColumn3dThermal.h">
      <Filter>dispBeamColumn</Filter>
    </ClInclude>
    <ClInclude Include="..\..\..\SRC\element\dispBeamColumn\DispBeamColumn3dWithSensitivity.h">
      <Filter>dispBeamColumn</Filter>
    </ClInclude>
    <ClInclude Include="..\..\..\SRC\element\forceBeamColumn\ForceBeamColumn2dThermal.h">
      <Filter>forceBeamColumn</Filter>
    </ClInclude>
    <ClInclude Include="..\..\..\SRC\element\shell\ShellMITC4Thermal.h">
      <Filter>shell</Filter>
    </ClInclude>
    <ClInclude Include="..\..\..\SRC\element\shell\ShellNLDKGQThermal.h">
      <Filter>shell</Filter>
    </ClInclude>
    <ClInclude Include="..\..\..\SRC\element\shell\ShellANDeS.h">
      <Filter>shell</Filter>
    </ClInclude>
    <ClInclude Include="..\..\..\SRC\element\dispBeamColumn\AxEqDispBeamColumn2d.h">
      <Filter>dispBeamColumn</Filter>
    </ClInclude>
    <ClInclude Include="..\..\..\SRC\element\surfaceLoad\TriSurfaceLoad.h">
      <Filter>surfaceLoad</Filter>
    </ClInclude>
    <ClInclude Include="..\..\..\SRC\element\tetrahedron\FourNodeTetrahedron.h">
      <Filter>tetrahedron</Filter>
    </ClInclude>
    <ClInclude Include="..\..\..\SRC\element\PFEMElement\BackgroundDef.h">
      <Filter>pfem</Filter>
    </ClInclude>
    <ClInclude Include="..\..\..\SRC\element\PFEMElement\BackgroundMesh.h">
      <Filter>pfem</Filter>
    </ClInclude>
    <ClInclude Include="..\..\..\SRC\element\PFEMElement\HigherOrder.h">
      <Filter>pfem</Filter>
    </ClInclude>
    <ClInclude Include="..\..\..\SRC\element\PFEMElement\LineMesh.h">
      <Filter>pfem</Filter>
    </ClInclude>
    <ClInclude Include="..\..\..\SRC\element\PFEMElement\LineMeshGenerator.h">
      <Filter>pfem</Filter>
    </ClInclude>
    <ClInclude Include="..\..\..\SRC\element\PFEMElement\Mesh.h">
      <Filter>pfem</Filter>
    </ClInclude>
    <ClInclude Include="..\..\..\SRC\element\PFEMElement\MINI.h">
      <Filter>pfem</Filter>
    </ClInclude>
    <ClInclude Include="..\..\..\SRC\element\PFEMElement\Particle.h">
      <Filter>pfem</Filter>
    </ClInclude>
    <ClInclude Include="..\..\..\SRC\element\PFEMElement\ParticleGroup.h">
      <Filter>pfem</Filter>
    </ClInclude>
    <ClInclude Include="..\..\..\SRC\element\PFEMElement\PFEMElement2D.h">
      <Filter>pfem</Filter>
    </ClInclude>
    <ClInclude Include="..\..\..\SRC\element\PFEMElement\PFEMElement2DBubble.h">
      <Filter>pfem</Filter>
    </ClInclude>
    <ClInclude Include="..\..\..\SRC\element\PFEMElement\PFEMElement2DCompressible.h">
      <Filter>pfem</Filter>
    </ClInclude>
    <ClInclude Include="..\..\..\SRC\element\PFEMElement\PFEMElement2DFIC.h">
      <Filter>pfem</Filter>
    </ClInclude>
    <ClInclude Include="..\..\..\SRC\element\PFEMElement\PFEMElement2Dmini.h">
      <Filter>pfem</Filter>
    </ClInclude>
    <ClInclude Include="..\..\..\SRC\element\PFEMElement\PFEMElement2DQuasi.h">
      <Filter>pfem</Filter>
    </ClInclude>
    <ClInclude Include="..\..\..\SRC\element\PFEMElement\PFEMElement3D.h">
      <Filter>pfem</Filter>
    </ClInclude>
    <ClInclude Include="..\..\..\SRC\element\PFEMElement\PFEMElement3DBubble.h">
      <Filter>pfem</Filter>
    </ClInclude>
    <ClInclude Include="..\..\..\SRC\element\PFEMElement\QuadMesh.h">
      <Filter>pfem</Filter>
    </ClInclude>
    <ClInclude Include="..\..\..\SRC\element\PFEMElement\QuadMeshGenerator.h">
      <Filter>pfem</Filter>
    </ClInclude>
    <ClInclude Include="..\..\..\SRC\element\PFEMElement\TaylorHood2D.h">
      <Filter>pfem</Filter>
    </ClInclude>
    <ClInclude Include="..\..\..\SRC\element\PFEMElement\TclModelBuilder_addPFEMElement.h">
      <Filter>pfem</Filter>
    </ClInclude>
    <ClInclude Include="..\..\..\SRC\element\PFEMElement\TetMesh.h">
      <Filter>pfem</Filter>
    </ClInclude>
    <ClInclude Include="..\..\..\SRC\element\PFEMElement\TetMeshGenerator.h">
      <Filter>pfem</Filter>
    </ClInclude>
    <ClInclude Include="..\..\..\SRC\element\PFEMElement\TriangleMeshGenerator.h">
      <Filter>pfem</Filter>
    </ClInclude>
    <ClInclude Include="..\..\..\SRC\element\PFEMElement\TriGaussPoints.h">
      <Filter>pfem</Filter>
    </ClInclude>
    <ClInclude Include="..\..\..\SRC\element\PFEMElement\TriMesh.h">
      <Filter>pfem</Filter>
    </ClInclude>
    <ClInclude Include="..\..\..\OTHER\tetgen1.4.3\tetgen.h">
      <Filter>pfem</Filter>
    </ClInclude>
    <ClInclude Include="..\..\..\SRC\element\absorbentBoundaries\LysmerTriangle.h">
      <Filter>absorbentBoundaries</Filter>
    </ClInclude>
    <ClInclude Include="..\..\..\SRC\element\UWelements\EmbeddedBeamInterfaceL.h">
      <Filter>UWelements</Filter>
    </ClInclude>
    <ClInclude Include="..\..\..\SRC\element\UWelements\EmbeddedBeamInterfaceP.h">
      <Filter>UWelements</Filter>
    </ClInclude>
    <ClInclude Include="..\..\..\SRC\element\UWelements\EmbeddedEPBeamInterface.h">
      <Filter>UWelements</Filter>
    </ClInclude>
    <ClInclude Include="..\..\..\SRC\element\UWelements\Tcl_generateInterfacePoints.h">
      <Filter>UWelements</Filter>
    </ClInclude>
    <ClInclude Include="..\..\..\SRC\element\dispBeamColumn\DispBeamColumnNL2d.h">
      <Filter>dispBeamColumn</Filter>
    </ClInclude>
    <ClInclude Include="..\..\..\SRC\element\elasticBeamColumn\WheelRail.h">
      <Filter>elasticBeamColumn</Filter>
    </ClInclude>
  </ItemGroup>
</Project>